
Microsoft Visual Studio Solution File, Format Version 12.00
# Visual Studio 15
VisualStudioVersion = 15.0.27130.2036
MinimumVisualStudioVersion = 10.0.40219.1
Project("{8BC9CEB8-8B4A-11D0-8D11-00A0C91BC942}") = "Offer", "Offer\Offer.vcxproj", "{C38E5465-F650-41AA-9808-B3CA6C01A1C9}"
EndProject
Project("{8BC9CEB8-8B4A-11D0-8D11-00A0C91BC942}") = "37", "37\37.vcxproj", "{C6FAA999-8D37-4080-B31A-F772C6E9B789}"
EndProject
Project("{8BC9CEB8-8B4A-11D0-8D11-00A0C91BC942}") = "1", "1\1.vcxproj", "{65BC4CE5-2810-40D9-86F1-0409E707B634}"
EndProject
Project("{8BC9CEB8-8B4A-11D0-8D11-00A0C91BC942}") = "2", "2\2.vcxproj", "{4960BE3F-1A5C-4A11-90EE-DEA0BF14FFBC}"
EndProject
Project("{8BC9CEB8-8B4A-11D0-8D11-00A0C91BC942}") = "3", "3\3.vcxproj", "{DD239CA6-B3DB-46B9-AA3A-AA22E91C4B61}"
EndProject
Project("{8BC9CEB8-8B4A-11D0-8D11-00A0C91BC942}") = "29", "29\29.vcxproj", "{9671423B-9081-40D3-9375-9F6E5DE94090}"
EndProject
Project("{8BC9CEB8-8B4A-11D0-8D11-00A0C91BC942}") = "28", "28\28.vcxproj", "{CA82B9E4-A37D-420E-91EE-5EFEEE70D982}"
EndProject
Project("{8BC9CEB8-8B4A-11D0-8D11-00A0C91BC942}") = "38", "38\38.vcxproj", "{A2C259E1-459E-4C17-AD65-1B2B978FC38F}"
EndProject
Project("{8BC9CEB8-8B4A-11D0-8D11-00A0C91BC942}") = "11", "11\11.vcxproj", "{35A408E2-503B-4334-87DA-E3138BD535D2}"
EndProject
Project("{8BC9CEB8-8B4A-11D0-8D11-00A0C91BC942}") = "7", "7\7.vcxproj", "{15278F25-AF44-44EF-9313-4640E0BEC408}"
EndProject
Project("{8BC9CEB8-8B4A-11D0-8D11-00A0C91BC942}") = "8", "8\8.vcxproj", "{95D8DFE0-C090-45CD-8A2C-D3B69881AE02}"
EndProject
Project("{8BC9CEB8-8B4A-11D0-8D11-00A0C91BC942}") = "4", "4\4.vcxproj", "{3629DB30-D8F2-4C6E-BD92-F34E91191F3F}"
EndProject
Project("{8BC9CEB8-8B4A-11D0-8D11-00A0C91BC942}") = "5", "5\5.vcxproj", "{5432EF05-AF46-4BD2-B64C-F0A69936AB2A}"
EndProject
Project("{8BC9CEB8-8B4A-11D0-8D11-00A0C91BC942}") = "6", "6\6.vcxproj", "{ED01641B-17D5-44B9-B0F3-7660F1AE3262}"
EndProject
Project("{8BC9CEB8-8B4A-11D0-8D11-00A0C91BC942}") = "9", "9\9.vcxproj", "{1DD3A0BD-6A4C-4461-86FD-9B6DEC38D36D}"
EndProject
Project("{8BC9CEB8-8B4A-11D0-8D11-00A0C91BC942}") = "10", "10\10.vcxproj", "{D75E4757-1FC8-4CF4-A609-B9580EEF75BB}"
EndProject
Project("{8BC9CEB8-8B4A-11D0-8D11-00A0C91BC942}") = "12", "12\12.vcxproj", "{AFE45880-E8DF-432B-B7CF-94858DCC105A}"
EndProject
Project("{8BC9CEB8-8B4A-11D0-8D11-00A0C91BC942}") = "13", "13\13.vcxproj", "{6944900A-BCB0-458C-8494-9B0F538E843C}"
EndProject
Project("{8BC9CEB8-8B4A-11D0-8D11-00A0C91BC942}") = "14", "14\14.vcxproj", "{41D85CFD-9883-45C0-956E-4E92330CD5C1}"
EndProject
Project("{8BC9CEB8-8B4A-11D0-8D11-00A0C91BC942}") = "15", "15\15.vcxproj", "{CD19DE88-2DCE-4C3E-8CB0-37BA89CBC529}"
EndProject
Project("{8BC9CEB8-8B4A-11D0-8D11-00A0C91BC942}") = "16", "16\16.vcxproj", "{447AE20F-3440-4BB1-99B2-31CBFA395946}"
EndProject
Project("{8BC9CEB8-8B4A-11D0-8D11-00A0C91BC942}") = "17", "17\17.vcxproj", "{5A1A8611-4774-4B2F-82A3-1967B670CA59}"
EndProject
Project("{8BC9CEB8-8B4A-11D0-8D11-00A0C91BC942}") = "18", "18\18.vcxproj", "{BF4D6AEE-252C-46B0-BAC1-C9D57AB348DB}"
EndProject
Project("{8BC9CEB8-8B4A-11D0-8D11-00A0C91BC942}") = "19", "19\19.vcxproj", "{A99AD575-4BB3-4A0B-9C90-759DE2110A8A}"
EndProject
Project("{8BC9CEB8-8B4A-11D0-8D11-00A0C91BC942}") = "20", "20\20.vcxproj", "{FFE5BA8E-109F-4EF4-8700-585EBB68EFDF}"
EndProject
Project("{8BC9CEB8-8B4A-11D0-8D11-00A0C91BC942}") = "21", "21\21.vcxproj", "{2EDF4331-1030-4A1B-8BAC-C3B48F175F49}"
EndProject
Global
	GlobalSection(SolutionConfigurationPlatforms) = preSolution
		Debug|x64 = Debug|x64
		Debug|x86 = Debug|x86
		Release|x64 = Release|x64
		Release|x86 = Release|x86
	EndGlobalSection
	GlobalSection(ProjectConfigurationPlatforms) = postSolution
		{C38E5465-F650-41AA-9808-B3CA6C01A1C9}.Debug|x64.ActiveCfg = Debug|x64
		{C38E5465-F650-41AA-9808-B3CA6C01A1C9}.Debug|x64.Build.0 = Debug|x64
		{C38E5465-F650-41AA-9808-B3CA6C01A1C9}.Debug|x86.ActiveCfg = Debug|Win32
		{C38E5465-F650-41AA-9808-B3CA6C01A1C9}.Debug|x86.Build.0 = Debug|Win32
		{C38E5465-F650-41AA-9808-B3CA6C01A1C9}.Release|x64.ActiveCfg = Release|x64
		{C38E5465-F650-41AA-9808-B3CA6C01A1C9}.Release|x64.Build.0 = Release|x64
		{C38E5465-F650-41AA-9808-B3CA6C01A1C9}.Release|x86.ActiveCfg = Release|Win32
		{C38E5465-F650-41AA-9808-B3CA6C01A1C9}.Release|x86.Build.0 = Release|Win32
		{C6FAA999-8D37-4080-B31A-F772C6E9B789}.Debug|x64.ActiveCfg = Debug|x64
		{C6FAA999-8D37-4080-B31A-F772C6E9B789}.Debug|x64.Build.0 = Debug|x64
		{C6FAA999-8D37-4080-B31A-F772C6E9B789}.Debug|x86.ActiveCfg = Debug|Win32
		{C6FAA999-8D37-4080-B31A-F772C6E9B789}.Debug|x86.Build.0 = Debug|Win32
		{C6FAA999-8D37-4080-B31A-F772C6E9B789}.Release|x64.ActiveCfg = Release|x64
		{C6FAA999-8D37-4080-B31A-F772C6E9B789}.Release|x64.Build.0 = Release|x64
		{C6FAA999-8D37-4080-B31A-F772C6E9B789}.Release|x86.ActiveCfg = Release|Win32
		{C6FAA999-8D37-4080-B31A-F772C6E9B789}.Release|x86.Build.0 = Release|Win32
		{65BC4CE5-2810-40D9-86F1-0409E707B634}.Debug|x64.ActiveCfg = Debug|x64
		{65BC4CE5-2810-40D9-86F1-0409E707B634}.Debug|x64.Build.0 = Debug|x64
		{65BC4CE5-2810-40D9-86F1-0409E707B634}.Debug|x86.ActiveCfg = Debug|Win32
		{65BC4CE5-2810-40D9-86F1-0409E707B634}.Debug|x86.Build.0 = Debug|Win32
		{65BC4CE5-2810-40D9-86F1-0409E707B634}.Release|x64.ActiveCfg = Release|x64
		{65BC4CE5-2810-40D9-86F1-0409E707B634}.Release|x64.Build.0 = Release|x64
		{65BC4CE5-2810-40D9-86F1-0409E707B634}.Release|x86.ActiveCfg = Release|Win32
		{65BC4CE5-2810-40D9-86F1-0409E707B634}.Release|x86.Build.0 = Release|Win32
		{4960BE3F-1A5C-4A11-90EE-DEA0BF14FFBC}.Debug|x64.ActiveCfg = Debug|x64
		{4960BE3F-1A5C-4A11-90EE-DEA0BF14FFBC}.Debug|x64.Build.0 = Debug|x64
		{4960BE3F-1A5C-4A11-90EE-DEA0BF14FFBC}.Debug|x86.ActiveCfg = Debug|Win32
		{4960BE3F-1A5C-4A11-90EE-DEA0BF14FFBC}.Debug|x86.Build.0 = Debug|Win32
		{4960BE3F-1A5C-4A11-90EE-DEA0BF14FFBC}.Release|x64.ActiveCfg = Release|x64
		{4960BE3F-1A5C-4A11-90EE-DEA0BF14FFBC}.Release|x64.Build.0 = Release|x64
		{4960BE3F-1A5C-4A11-90EE-DEA0BF14FFBC}.Release|x86.ActiveCfg = Release|Win32
		{4960BE3F-1A5C-4A11-90EE-DEA0BF14FFBC}.Release|x86.Build.0 = Release|Win32
		{DD239CA6-B3DB-46B9-AA3A-AA22E91C4B61}.Debug|x64.ActiveCfg = Debug|x64
		{DD239CA6-B3DB-46B9-AA3A-AA22E91C4B61}.Debug|x64.Build.0 = Debug|x64
		{DD239CA6-B3DB-46B9-AA3A-AA22E91C4B61}.Debug|x86.ActiveCfg = Debug|Win32
		{DD239CA6-B3DB-46B9-AA3A-AA22E91C4B61}.Debug|x86.Build.0 = Debug|Win32
		{DD239CA6-B3DB-46B9-AA3A-AA22E91C4B61}.Release|x64.ActiveCfg = Release|x64
		{DD239CA6-B3DB-46B9-AA3A-AA22E91C4B61}.Release|x64.Build.0 = Release|x64
		{DD239CA6-B3DB-46B9-AA3A-AA22E91C4B61}.Release|x86.ActiveCfg = Release|Win32
		{DD239CA6-B3DB-46B9-AA3A-AA22E91C4B61}.Release|x86.Build.0 = Release|Win32
		{9671423B-9081-40D3-9375-9F6E5DE94090}.Debug|x64.ActiveCfg = Debug|x64
		{9671423B-9081-40D3-9375-9F6E5DE94090}.Debug|x64.Build.0 = Debug|x64
		{9671423B-9081-40D3-9375-9F6E5DE94090}.Debug|x86.ActiveCfg = Debug|Win32
		{9671423B-9081-40D3-9375-9F6E5DE94090}.Debug|x86.Build.0 = Debug|Win32
		{9671423B-9081-40D3-9375-9F6E5DE94090}.Release|x64.ActiveCfg = Release|x64
		{9671423B-9081-40D3-9375-9F6E5DE94090}.Release|x64.Build.0 = Release|x64
		{9671423B-9081-40D3-9375-9F6E5DE94090}.Release|x86.ActiveCfg = Release|Win32
		{9671423B-9081-40D3-9375-9F6E5DE94090}.Release|x86.Build.0 = Release|Win32
		{CA82B9E4-A37D-420E-91EE-5EFEEE70D982}.Debug|x64.ActiveCfg = Debug|x64
		{CA82B9E4-A37D-420E-91EE-5EFEEE70D982}.Debug|x64.Build.0 = Debug|x64
		{CA82B9E4-A37D-420E-91EE-5EFEEE70D982}.Debug|x86.ActiveCfg = Debug|Win32
		{CA82B9E4-A37D-420E-91EE-5EFEEE70D982}.Debug|x86.Build.0 = Debug|Win32
		{CA82B9E4-A37D-420E-91EE-5EFEEE70D982}.Release|x64.ActiveCfg = Release|x64
		{CA82B9E4-A37D-420E-91EE-5EFEEE70D982}.Release|x64.Build.0 = Release|x64
		{CA82B9E4-A37D-420E-91EE-5EFEEE70D982}.Release|x86.ActiveCfg = Release|Win32
		{CA82B9E4-A37D-420E-91EE-5EFEEE70D982}.Release|x86.Build.0 = Release|Win32
		{A2C259E1-459E-4C17-AD65-1B2B978FC38F}.Debug|x64.ActiveCfg = Debug|x64
		{A2C259E1-459E-4C17-AD65-1B2B978FC38F}.Debug|x64.Build.0 = Debug|x64
		{A2C259E1-459E-4C17-AD65-1B2B978FC38F}.Debug|x86.ActiveCfg = Debug|Win32
		{A2C259E1-459E-4C17-AD65-1B2B978FC38F}.Debug|x86.Build.0 = Debug|Win32
		{A2C259E1-459E-4C17-AD65-1B2B978FC38F}.Release|x64.ActiveCfg = Release|x64
		{A2C259E1-459E-4C17-AD65-1B2B978FC38F}.Release|x64.Build.0 = Release|x64
		{A2C259E1-459E-4C17-AD65-1B2B978FC38F}.Release|x86.ActiveCfg = Release|Win32
		{A2C259E1-459E-4C17-AD65-1B2B978FC38F}.Release|x86.Build.0 = Release|Win32
		{35A408E2-503B-4334-87DA-E3138BD535D2}.Debug|x64.ActiveCfg = Debug|x64
		{35A408E2-503B-4334-87DA-E3138BD535D2}.Debug|x64.Build.0 = Debug|x64
		{35A408E2-503B-4334-87DA-E3138BD535D2}.Debug|x86.ActiveCfg = Debug|Win32
		{35A408E2-503B-4334-87DA-E3138BD535D2}.Debug|x86.Build.0 = Debug|Win32
		{35A408E2-503B-4334-87DA-E3138BD535D2}.Release|x64.ActiveCfg = Release|x64
		{35A408E2-503B-4334-87DA-E3138BD535D2}.Release|x64.Build.0 = Release|x64
		{35A408E2-503B-4334-87DA-E3138BD535D2}.Release|x86.ActiveCfg = Release|Win32
		{35A408E2-503B-4334-87DA-E3138BD535D2}.Release|x86.Build.0 = Release|Win32
		{15278F25-AF44-44EF-9313-4640E0BEC408}.Debug|x64.ActiveCfg = Debug|x64
		{15278F25-AF44-44EF-9313-4640E0BEC408}.Debug|x64.Build.0 = Debug|x64
		{15278F25-AF44-44EF-9313-4640E0BEC408}.Debug|x86.ActiveCfg = Debug|Win32
		{15278F25-AF44-44EF-9313-4640E0BEC408}.Debug|x86.Build.0 = Debug|Win32
		{15278F25-AF44-44EF-9313-4640E0BEC408}.Release|x64.ActiveCfg = Release|x64
		{15278F25-AF44-44EF-9313-4640E0BEC408}.Release|x64.Build.0 = Release|x64
		{15278F25-AF44-44EF-9313-4640E0BEC408}.Release|x86.ActiveCfg = Release|Win32
		{15278F25-AF44-44EF-9313-4640E0BEC408}.Release|x86.Build.0 = Release|Win32
		{95D8DFE0-C090-45CD-8A2C-D3B69881AE02}.Debug|x64.ActiveCfg = Debug|x64
		{95D8DFE0-C090-45CD-8A2C-D3B69881AE02}.Debug|x64.Build.0 = Debug|x64
		{95D8DFE0-C090-45CD-8A2C-D3B69881AE02}.Debug|x86.ActiveCfg = Debug|Win32
		{95D8DFE0-C090-45CD-8A2C-D3B69881AE02}.Debug|x86.Build.0 = Debug|Win32
		{95D8DFE0-C090-45CD-8A2C-D3B69881AE02}.Release|x64.ActiveCfg = Release|x64
		{95D8DFE0-C090-45CD-8A2C-D3B69881AE02}.Release|x64.Build.0 = Release|x64
		{95D8DFE0-C090-45CD-8A2C-D3B69881AE02}.Release|x86.ActiveCfg = Release|Win32
		{95D8DFE0-C090-45CD-8A2C-D3B69881AE02}.Release|x86.Build.0 = Release|Win32
		{3629DB30-D8F2-4C6E-BD92-F34E91191F3F}.Debug|x64.ActiveCfg = Debug|x64
		{3629DB30-D8F2-4C6E-BD92-F34E91191F3F}.Debug|x64.Build.0 = Debug|x64
		{3629DB30-D8F2-4C6E-BD92-F34E91191F3F}.Debug|x86.ActiveCfg = Debug|Win32
		{3629DB30-D8F2-4C6E-BD92-F34E91191F3F}.Debug|x86.Build.0 = Debug|Win32
		{3629DB30-D8F2-4C6E-BD92-F34E91191F3F}.Release|x64.ActiveCfg = Release|x64
		{3629DB30-D8F2-4C6E-BD92-F34E91191F3F}.Release|x64.Build.0 = Release|x64
		{3629DB30-D8F2-4C6E-BD92-F34E91191F3F}.Release|x86.ActiveCfg = Release|Win32
		{3629DB30-D8F2-4C6E-BD92-F34E91191F3F}.Release|x86.Build.0 = Release|Win32
		{5432EF05-AF46-4BD2-B64C-F0A69936AB2A}.Debug|x64.ActiveCfg = Debug|x64
		{5432EF05-AF46-4BD2-B64C-F0A69936AB2A}.Debug|x64.Build.0 = Debug|x64
		{5432EF05-AF46-4BD2-B64C-F0A69936AB2A}.Debug|x86.ActiveCfg = Debug|Win32
		{5432EF05-AF46-4BD2-B64C-F0A69936AB2A}.Debug|x86.Build.0 = Debug|Win32
		{5432EF05-AF46-4BD2-B64C-F0A69936AB2A}.Release|x64.ActiveCfg = Release|x64
		{5432EF05-AF46-4BD2-B64C-F0A69936AB2A}.Release|x64.Build.0 = Release|x64
		{5432EF05-AF46-4BD2-B64C-F0A69936AB2A}.Release|x86.ActiveCfg = Release|Win32
		{5432EF05-AF46-4BD2-B64C-F0A69936AB2A}.Release|x86.Build.0 = Release|Win32
		{ED01641B-17D5-44B9-B0F3-7660F1AE3262}.Debug|x64.ActiveCfg = Debug|x64
		{ED01641B-17D5-44B9-B0F3-7660F1AE3262}.Debug|x64.Build.0 = Debug|x64
		{ED01641B-17D5-44B9-B0F3-7660F1AE3262}.Debug|x86.ActiveCfg = Debug|Win32
		{ED01641B-17D5-44B9-B0F3-7660F1AE3262}.Debug|x86.Build.0 = Debug|Win32
		{ED01641B-17D5-44B9-B0F3-7660F1AE3262}.Release|x64.ActiveCfg = Release|x64
		{ED01641B-17D5-44B9-B0F3-7660F1AE3262}.Release|x64.Build.0 = Release|x64
		{ED01641B-17D5-44B9-B0F3-7660F1AE3262}.Release|x86.ActiveCfg = Release|Win32
		{ED01641B-17D5-44B9-B0F3-7660F1AE3262}.Release|x86.Build.0 = Release|Win32
		{1DD3A0BD-6A4C-4461-86FD-9B6DEC38D36D}.Debug|x64.ActiveCfg = Debug|x64
		{1DD3A0BD-6A4C-4461-86FD-9B6DEC38D36D}.Debug|x64.Build.0 = Debug|x64
		{1DD3A0BD-6A4C-4461-86FD-9B6DEC38D36D}.Debug|x86.ActiveCfg = Debug|Win32
		{1DD3A0BD-6A4C-4461-86FD-9B6DEC38D36D}.Debug|x86.Build.0 = Debug|Win32
		{1DD3A0BD-6A4C-4461-86FD-9B6DEC38D36D}.Release|x64.ActiveCfg = Release|x64
		{1DD3A0BD-6A4C-4461-86FD-9B6DEC38D36D}.Release|x64.Build.0 = Release|x64
		{1DD3A0BD-6A4C-4461-86FD-9B6DEC38D36D}.Release|x86.ActiveCfg = Release|Win32
		{1DD3A0BD-6A4C-4461-86FD-9B6DEC38D36D}.Release|x86.Build.0 = Release|Win32
		{D75E4757-1FC8-4CF4-A609-B9580EEF75BB}.Debug|x64.ActiveCfg = Debug|x64
		{D75E4757-1FC8-4CF4-A609-B9580EEF75BB}.Debug|x64.Build.0 = Debug|x64
		{D75E4757-1FC8-4CF4-A609-B9580EEF75BB}.Debug|x86.ActiveCfg = Debug|Win32
		{D75E4757-1FC8-4CF4-A609-B9580EEF75BB}.Debug|x86.Build.0 = Debug|Win32
		{D75E4757-1FC8-4CF4-A609-B9580EEF75BB}.Release|x64.ActiveCfg = Release|x64
		{D75E4757-1FC8-4CF4-A609-B9580EEF75BB}.Release|x64.Build.0 = Release|x64
		{D75E4757-1FC8-4CF4-A609-B9580EEF75BB}.Release|x86.ActiveCfg = Release|Win32
		{D75E4757-1FC8-4CF4-A609-B9580EEF75BB}.Release|x86.Build.0 = Release|Win32
		{AFE45880-E8DF-432B-B7CF-94858DCC105A}.Debug|x64.ActiveCfg = Debug|x64
		{AFE45880-E8DF-432B-B7CF-94858DCC105A}.Debug|x64.Build.0 = Debug|x64
		{AFE45880-E8DF-432B-B7CF-94858DCC105A}.Debug|x86.ActiveCfg = Debug|Win32
		{AFE45880-E8DF-432B-B7CF-94858DCC105A}.Debug|x86.Build.0 = Debug|Win32
		{AFE45880-E8DF-432B-B7CF-94858DCC105A}.Release|x64.ActiveCfg = Release|x64
		{AFE45880-E8DF-432B-B7CF-94858DCC105A}.Release|x64.Build.0 = Release|x64
		{AFE45880-E8DF-432B-B7CF-94858DCC105A}.Release|x86.ActiveCfg = Release|Win32
		{AFE45880-E8DF-432B-B7CF-94858DCC105A}.Release|x86.Build.0 = Release|Win32
		{6944900A-BCB0-458C-8494-9B0F538E843C}.Debug|x64.ActiveCfg = Debug|x64
		{6944900A-BCB0-458C-8494-9B0F538E843C}.Debug|x64.Build.0 = Debug|x64
		{6944900A-BCB0-458C-8494-9B0F538E843C}.Debug|x86.ActiveCfg = Debug|Win32
		{6944900A-BCB0-458C-8494-9B0F538E843C}.Debug|x86.Build.0 = Debug|Win32
		{6944900A-BCB0-458C-8494-9B0F538E843C}.Release|x64.ActiveCfg = Release|x64
		{6944900A-BCB0-458C-8494-9B0F538E843C}.Release|x64.Build.0 = Release|x64
		{6944900A-BCB0-458C-8494-9B0F538E843C}.Release|x86.ActiveCfg = Release|Win32
		{6944900A-BCB0-458C-8494-9B0F538E843C}.Release|x86.Build.0 = Release|Win32
		{41D85CFD-9883-45C0-956E-4E92330CD5C1}.Debug|x64.ActiveCfg = Debug|x64
		{41D85CFD-9883-45C0-956E-4E92330CD5C1}.Debug|x64.Build.0 = Debug|x64
		{41D85CFD-9883-45C0-956E-4E92330CD5C1}.Debug|x86.ActiveCfg = Debug|Win32
		{41D85CFD-9883-45C0-956E-4E92330CD5C1}.Debug|x86.Build.0 = Debug|Win32
		{41D85CFD-9883-45C0-956E-4E92330CD5C1}.Release|x64.ActiveCfg = Release|x64
		{41D85CFD-9883-45C0-956E-4E92330CD5C1}.Release|x64.Build.0 = Release|x64
		{41D85CFD-9883-45C0-956E-4E92330CD5C1}.Release|x86.ActiveCfg = Release|Win32
		{41D85CFD-9883-45C0-956E-4E92330CD5C1}.Release|x86.Build.0 = Release|Win32
		{CD19DE88-2DCE-4C3E-8CB0-37BA89CBC529}.Debug|x64.ActiveCfg = Debug|x64
		{CD19DE88-2DCE-4C3E-8CB0-37BA89CBC529}.Debug|x64.Build.0 = Debug|x64
		{CD19DE88-2DCE-4C3E-8CB0-37BA89CBC529}.Debug|x86.ActiveCfg = Debug|Win32
		{CD19DE88-2DCE-4C3E-8CB0-37BA89CBC529}.Debug|x86.Build.0 = Debug|Win32
		{CD19DE88-2DCE-4C3E-8CB0-37BA89CBC529}.Release|x64.ActiveCfg = Release|x64
		{CD19DE88-2DCE-4C3E-8CB0-37BA89CBC529}.Release|x64.Build.0 = Release|x64
		{CD19DE88-2DCE-4C3E-8CB0-37BA89CBC529}.Release|x86.ActiveCfg = Release|Win32
		{CD19DE88-2DCE-4C3E-8CB0-37BA89CBC529}.Release|x86.Build.0 = Release|Win32
		{447AE20F-3440-4BB1-99B2-31CBFA395946}.Debug|x64.ActiveCfg = Debug|x64
		{447AE20F-3440-4BB1-99B2-31CBFA395946}.Debug|x64.Build.0 = Debug|x64
		{447AE20F-3440-4BB1-99B2-31CBFA395946}.Debug|x86.ActiveCfg = Debug|Win32
		{447AE20F-3440-4BB1-99B2-31CBFA395946}.Debug|x86.Build.0 = Debug|Win32
		{447AE20F-3440-4BB1-99B2-31CBFA395946}.Release|x64.ActiveCfg = Release|x64
		{447AE20F-3440-4BB1-99B2-31CBFA395946}.Release|x64.Build.0 = Release|x64
		{447AE20F-3440-4BB1-99B2-31CBFA395946}.Release|x86.ActiveCfg = Release|Win32
		{447AE20F-3440-4BB1-99B2-31CBFA395946}.Release|x86.Build.0 = Release|Win32
		{5A1A8611-4774-4B2F-82A3-1967B670CA59}.Debug|x64.ActiveCfg = Debug|x64
		{5A1A8611-4774-4B2F-82A3-1967B670CA59}.Debug|x64.Build.0 = Debug|x64
		{5A1A8611-4774-4B2F-82A3-1967B670CA59}.Debug|x86.ActiveCfg = Debug|Win32
		{5A1A8611-4774-4B2F-82A3-1967B670CA59}.Debug|x86.Build.0 = Debug|Win32
		{5A1A8611-4774-4B2F-82A3-1967B670CA59}.Release|x64.ActiveCfg = Release|x64
		{5A1A8611-4774-4B2F-82A3-1967B670CA59}.Release|x64.Build.0 = Release|x64
		{5A1A8611-4774-4B2F-82A3-1967B670CA59}.Release|x86.ActiveCfg = Release|Win32
		{5A1A8611-4774-4B2F-82A3-1967B670CA59}.Release|x86.Build.0 = Release|Win32
		{BF4D6AEE-252C-46B0-BAC1-C9D57AB348DB}.Debug|x64.ActiveCfg = Debug|x64
		{BF4D6AEE-252C-46B0-BAC1-C9D57AB348DB}.Debug|x64.Build.0 = Debug|x64
		{BF4D6AEE-252C-46B0-BAC1-C9D57AB348DB}.Debug|x86.ActiveCfg = Debug|Win32
		{BF4D6AEE-252C-46B0-BAC1-C9D57AB348DB}.Debug|x86.Build.0 = Debug|Win32
		{BF4D6AEE-252C-46B0-BAC1-C9D57AB348DB}.Release|x64.ActiveCfg = Release|x64
		{BF4D6AEE-252C-46B0-BAC1-C9D57AB348DB}.Release|x64.Build.0 = Release|x64
		{BF4D6AEE-252C-46B0-BAC1-C9D57AB348DB}.Release|x86.ActiveCfg = Release|Win32
		{BF4D6AEE-252C-46B0-BAC1-C9D57AB348DB}.Release|x86.Build.0 = Release|Win32
		{A99AD575-4BB3-4A0B-9C90-759DE2110A8A}.Debug|x64.ActiveCfg = Debug|x64
		{A99AD575-4BB3-4A0B-9C90-759DE2110A8A}.Debug|x64.Build.0 = Debug|x64
		{A99AD575-4BB3-4A0B-9C90-759DE2110A8A}.Debug|x86.ActiveCfg = Debug|Win32
		{A99AD575-4BB3-4A0B-9C90-759DE2110A8A}.Debug|x86.Build.0 = Debug|Win32
		{A99AD575-4BB3-4A0B-9C90-759DE2110A8A}.Release|x64.ActiveCfg = Release|x64
		{A99AD575-4BB3-4A0B-9C90-759DE2110A8A}.Release|x64.Build.0 = Release|x64
		{A99AD575-4BB3-4A0B-9C90-759DE2110A8A}.Release|x86.ActiveCfg = Release|Win32
		{A99AD575-4BB3-4A0B-9C90-759DE2110A8A}.Release|x86.Build.0 = Release|Win32
		{FFE5BA8E-109F-4EF4-8700-585EBB68EFDF}.Debug|x64.ActiveCfg = Debug|x64
		{FFE5BA8E-109F-4EF4-8700-585EBB68EFDF}.Debug|x64.Build.0 = Debug|x64
		{FFE5BA8E-109F-4EF4-8700-585EBB68EFDF}.Debug|x86.ActiveCfg = Debug|Win32
		{FFE5BA8E-109F-4EF4-8700-585EBB68EFDF}.Debug|x86.Build.0 = Debug|Win32
		{FFE5BA8E-109F-4EF4-8700-585EBB68EFDF}.Release|x64.ActiveCfg = Release|x64
		{FFE5BA8E-109F-4EF4-8700-585EBB68EFDF}.Release|x64.Build.0 = Release|x64
		{FFE5BA8E-109F-4EF4-8700-585EBB68EFDF}.Release|x86.ActiveCfg = Release|Win32
		{FFE5BA8E-109F-4EF4-8700-585EBB68EFDF}.Release|x86.Build.0 = Release|Win32
		{2EDF4331-1030-4A1B-8BAC-C3B48F175F49}.Debug|x64.ActiveCfg = Debug|x64
		{2EDF4331-1030-4A1B-8BAC-C3B48F175F49}.Debug|x64.Build.0 = Debug|x64
		{2EDF4331-1030-4A1B-8BAC-C3B48F175F49}.Debug|x86.ActiveCfg = Debug|Win32
		{2EDF4331-1030-4A1B-8BAC-C3B48F175F49}.Debug|x86.Build.0 = Debug|Win32
		{2EDF4331-1030-4A1B-8BAC-C3B48F175F49}.Release|x64.ActiveCfg = Release|x64
		{2EDF4331-1030-4A1B-8BAC-C3B48F175F49}.Release|x64.Build.0 = Release|x64
		{2EDF4331-1030-4A1B-8BAC-C3B48F175F49}.Release|x86.ActiveCfg = Release|Win32
		{2EDF4331-1030-4A1B-8BAC-C3B48F175F49}.Release|x86.Build.0 = Release|Win32
	EndGlobalSection
	GlobalSection(SolutionProperties) = preSolution
		HideSolutionNode = FALSE
	EndGlobalSection
	GlobalSection(ExtensibilityGlobals) = postSolution
		SolutionGuid = {7AC8825A-AA9E-4720-9674-6AAC85E94C09}
	EndGlobalSection
EndGlobal
