
Microsoft Visual Studio Solution File, Format Version 12.00
# Visual Studio 15
VisualStudioVersion = 15.0.27130.2036
MinimumVisualStudioVersion = 10.0.40219.1
Project("{8BC9CEB8-8B4A-11D0-8D11-00A0C91BC942}") = "Offer", "Offer\Offer.vcxproj", "{C38E5465-F650-41AA-9808-B3CA6C01A1C9}"
EndProject
Project("{8BC9CEB8-8B4A-11D0-8D11-00A0C91BC942}") = "37", "37\37.vcxproj", "{C6FAA999-8D37-4080-B31A-F772C6E9B789}"
EndProject
Project("{8BC9CEB8-8B4A-11D0-8D11-00A0C91BC942}") = "1", "1\1.vcxproj", "{65BC4CE5-2810-40D9-86F1-0409E707B634}"
EndProject
Project("{8BC9CEB8-8B4A-11D0-8D11-00A0C91BC942}") = "2", "2\2.vcxproj", "{4960BE3F-1A5C-4A11-90EE-DEA0BF14FFBC}"
EndProject
Project("{8BC9CEB8-8B4A-11D0-8D11-00A0C91BC942}") = "3", "3\3.vcxproj", "{DD239CA6-B3DB-46B9-AA3A-AA22E91C4B61}"
EndProject
Project("{8BC9CEB8-8B4A-11D0-8D11-00A0C91BC942}") = "29", "29\29.vcxproj", "{9671423B-9081-40D3-9375-9F6E5DE94090}"
EndProject
Project("{8BC9CEB8-8B4A-11D0-8D11-00A0C91BC942}") = "28", "28\28.vcxproj", "{CA82B9E4-A37D-420E-91EE-5EFEEE70D982}"
EndProject
Project("{8BC9CEB8-8B4A-11D0-8D11-00A0C91BC942}") = "38", "38\38.vcxproj", "{A2C259E1-459E-4C17-AD65-1B2B978FC38F}"
EndProject
Project("{8BC9CEB8-8B4A-11D0-8D11-00A0C91BC942}") = "11", "11\11.vcxproj", "{35A408E2-503B-4334-87DA-E3138BD535D2}"
EndProject
Project("{8BC9CEB8-8B4A-11D0-8D11-00A0C91BC942}") = "7", "7\7.vcxproj", "{15278F25-AF44-44EF-9313-4640E0BEC408}"
EndProject
Project("{8BC9CEB8-8B4A-11D0-8D11-00A0C91BC942}") = "8", "8\8.vcxproj", "{95D8DFE0-C090-45CD-8A2C-D3B69881AE02}"
EndProject
Project("{8BC9CEB8-8B4A-11D0-8D11-00A0C91BC942}") = "4", "4\4.vcxproj", "{3629DB30-D8F2-4C6E-BD92-F34E91191F3F}"
EndProject
Project("{8BC9CEB8-8B4A-11D0-8D11-00A0C91BC942}") = "5", "5\5.vcxproj", "{5432EF05-AF46-4BD2-B64C-F0A69936AB2A}"
EndProject
Project("{8BC9CEB8-8B4A-11D0-8D11-00A0C91BC942}") = "6", "6\6.vcxproj", "{ED01641B-17D5-44B9-B0F3-7660F1AE3262}"
EndProject
Project("{8BC9CEB8-8B4A-11D0-8D11-00A0C91BC942}") = "9", "9\9.vcxproj", "{1DD3A0BD-6A4C-4461-86FD-9B6DEC38D36D}"
EndProject
Project("{8BC9CEB8-8B4A-11D0-8D11-00A0C91BC942}") = "10", "10\10.vcxproj", "{D75E4757-1FC8-4CF4-A609-B9580EEF75BB}"
EndProject
Project("{8BC9CEB8-8B4A-11D0-8D11-00A0C91BC942}") = "12", "12\12.vcxproj", "{AFE45880-E8DF-432B-B7CF-94858DCC105A}"
EndProject
Project("{8BC9CEB8-8B4A-11D0-8D11-00A0C91BC942}") = "13", "13\13.vcxproj", "{6944900A-BCB0-458C-8494-9B0F538E843C}"
EndProject
Project("{8BC9CEB8-8B4A-11D0-8D11-00A0C91BC942}") = "14", "14\14.vcxproj", "{41D85CFD-9883-45C0-956E-4E92330CD5C1}"
EndProject
Project("{8BC9CEB8-8B4A-11D0-8D11-00A0C91BC942}") = "15", "15\15.vcxproj", "{CD19DE88-2DCE-4C3E-8CB0-37BA89CBC529}"
EndProject
Project("{8BC9CEB8-8B4A-11D0-8D11-00A0C91BC942}") = "16", "16\16.vcxproj", "{447AE20F-3440-4BB1-99B2-31CBFA395946}"
EndProject
Project("{8BC9CEB8-8B4A-11D0-8D11-00A0C91BC942}") = "17", "17\17.vcxproj", "{5A1A8611-4774-4B2F-82A3-1967B670CA59}"
EndProject
Project("{8BC9CEB8-8B4A-11D0-8D11-00A0C91BC942}") = "18", "18\18.vcxproj", "{BF4D6AEE-252C-46B0-BAC1-C9D57AB348DB}"
EndProject
Project("{8BC9CEB8-8B4A-11D0-8D11-00A0C91BC942}") = "19", "19\19.vcxproj", "{A99AD575-4BB3-4A0B-9C90-759DE2110A8A}"
EndProject
Project("{8BC9CEB8-8B4A-11D0-8D11-00A0C91BC942}") = "20", "20\20.vcxproj", "{FFE5BA8E-109F-4EF4-8700-585EBB68EFDF}"
EndProject
Project("{8BC9CEB8-8B4A-11D0-8D11-00A0C91BC942}") = "21", "21\21.vcxproj", "{2EDF4331-1030-4A1B-8BAC-C3B48F175F49}"
EndProject
Project("{8BC9CEB8-8B4A-11D0-8D11-00A0C91BC942}") = "22", "22\22.vcxproj", "{B1C43607-D3D9-429D-8D43-604D3A133609}"
EndProject
Project("{8BC9CEB8-8B4A-11D0-8D11-00A0C91BC942}") = "23", "23\23.vcxproj", "{D2170C00-2139-4308-8230-7CF270BAFE05}"
EndProject
Project("{8BC9CEB8-8B4A-11D0-8D11-00A0C91BC942}") = "24", "24\24.vcxproj", "{1DC53108-8133-4F4B-B09E-688D3B720C1A}"
EndProject
Project("{8BC9CEB8-8B4A-11D0-8D11-00A0C91BC942}") = "25", "25\25.vcxproj", "{3545425B-33E5-4124-9DFA-2AB66255942E}"
EndProject
Project("{8BC9CEB8-8B4A-11D0-8D11-00A0C91BC942}") = "26", "26\26.vcxproj", "{13276CCA-AF42-4B01-A309-6E3E810034B0}"
EndProject
Project("{8BC9CEB8-8B4A-11D0-8D11-00A0C91BC942}") = "27", "27\27.vcxproj", "{B3118060-0E3C-42A1-94AA-27E1B3AFEF88}"
EndProject
Project("{8BC9CEB8-8B4A-11D0-8D11-00A0C91BC942}") = "30", "30\30.vcxproj", "{9770BD61-BDFD-4C37-B00B-133D8916A982}"
EndProject
Project("{8BC9CEB8-8B4A-11D0-8D11-00A0C91BC942}") = "31", "31\31.vcxproj", "{447CEFB5-4F1C-4332-82CD-AE0C524FC020}"
EndProject
Project("{8BC9CEB8-8B4A-11D0-8D11-00A0C91BC942}") = "32", "32\32.vcxproj", "{F4A88537-8C13-403D-A70A-13E1B99B0E8A}"
EndProject
Project("{8BC9CEB8-8B4A-11D0-8D11-00A0C91BC942}") = "33", "33\33.vcxproj", "{8E8C340B-FCD3-402A-B7FF-A1600029EFB5}"
EndProject
Project("{8BC9CEB8-8B4A-11D0-8D11-00A0C91BC942}") = "34", "34\34.vcxproj", "{BE3416B2-C818-4854-B34B-706880149B27}"
EndProject
Project("{8BC9CEB8-8B4A-11D0-8D11-00A0C91BC942}") = "35", "35\35.vcxproj", "{D8F690C3-1A91-4BF3-B06D-4EB7AFD2BE2D}"
EndProject
Project("{8BC9CEB8-8B4A-11D0-8D11-00A0C91BC942}") = "36", "36\36.vcxproj", "{4BE8D5AE-AD1B-4019-9360-5B9310F64175}"
EndProject
Project("{8BC9CEB8-8B4A-11D0-8D11-00A0C91BC942}") = "39", "39\39.vcxproj", "{B86BABF3-CB5A-45A1-B420-FE2A0DF04D34}"
EndProject
Project("{8BC9CEB8-8B4A-11D0-8D11-00A0C91BC942}") = "40", "40\40.vcxproj", "{810BE9C4-E358-4E78-814F-06676710588D}"
EndProject
Project("{8BC9CEB8-8B4A-11D0-8D11-00A0C91BC942}") = "41", "41\41.vcxproj", "{B7CA5928-684E-4ACD-94A0-B60F01DA7BC5}"
EndProject
Project("{8BC9CEB8-8B4A-11D0-8D11-00A0C91BC942}") = "42", "42\42.vcxproj", "{CBF48195-490F-4CDB-8EB3-A6E4DD32E3E1}"
EndProject
Project("{8BC9CEB8-8B4A-11D0-8D11-00A0C91BC942}") = "43", "43\43.vcxproj", "{7649D9D0-F19C-42F9-9C90-E9CF5411AA51}"
EndProject
Project("{8BC9CEB8-8B4A-11D0-8D11-00A0C91BC942}") = "44", "44\44.vcxproj", "{FA24B787-5CF4-4CFD-A216-94595777445B}"
EndProject
Project("{8BC9CEB8-8B4A-11D0-8D11-00A0C91BC942}") = "45", "45\45.vcxproj", "{482C6D2B-FC41-485C-8991-60A90CDCBEDB}"
EndProject
Project("{8BC9CEB8-8B4A-11D0-8D11-00A0C91BC942}") = "46", "46\46.vcxproj", "{C64D5B0F-8740-4E35-95E8-5173E992BE4A}"
EndProject
Project("{8BC9CEB8-8B4A-11D0-8D11-00A0C91BC942}") = "47", "47\47.vcxproj", "{0AE63404-1950-48F4-8A03-BECBA2844D0A}"
EndProject
Project("{8BC9CEB8-8B4A-11D0-8D11-00A0C91BC942}") = "48", "48\48.vcxproj", "{85725103-F96F-4A83-915A-9AA711CA59E8}"
EndProject
Project("{8BC9CEB8-8B4A-11D0-8D11-00A0C91BC942}") = "49", "49\49.vcxproj", "{8F30EB6D-D81F-4988-AFA0-5224E76834F5}"
EndProject
Project("{8BC9CEB8-8B4A-11D0-8D11-00A0C91BC942}") = "50", "50\50.vcxproj", "{53B94A47-0B11-41F7-AD9A-D4EC14DF5011}"
EndProject
Project("{8BC9CEB8-8B4A-11D0-8D11-00A0C91BC942}") = "51", "51\51.vcxproj", "{7B119E9E-260D-423E-B062-73CCC1746357}"
EndProject
Project("{8BC9CEB8-8B4A-11D0-8D11-00A0C91BC942}") = "52", "52\52.vcxproj", "{BF261C7F-1C46-4E73-91DB-57E58141B974}"
EndProject
Project("{8BC9CEB8-8B4A-11D0-8D11-00A0C91BC942}") = "53", "53\53.vcxproj", "{436E12F5-9FE6-466D-A842-A025FBF98A12}"
EndProject
Project("{8BC9CEB8-8B4A-11D0-8D11-00A0C91BC942}") = "54", "54\54.vcxproj", "{19CD7B3D-7CF7-45AD-889C-F3E1C877464C}"
EndProject
Project("{8BC9CEB8-8B4A-11D0-8D11-00A0C91BC942}") = "55", "55\55.vcxproj", "{69D70905-93E5-4C18-BFE3-5B5920E29511}"
EndProject
Project("{8BC9CEB8-8B4A-11D0-8D11-00A0C91BC942}") = "56", "56\56.vcxproj", "{72729A18-FC5F-4C9A-B1DF-1A6836AA9CA4}"
EndProject
Project("{8BC9CEB8-8B4A-11D0-8D11-00A0C91BC942}") = "57", "57\57.vcxproj", "{09297CE8-1BA5-42F2-9368-3F3CC8D16487}"
EndProject
Project("{8BC9CEB8-8B4A-11D0-8D11-00A0C91BC942}") = "58", "58\58.vcxproj", "{A1BED599-9211-4E30-B96E-C3AE1F1FD227}"
EndProject
Project("{8BC9CEB8-8B4A-11D0-8D11-00A0C91BC942}") = "59", "59\59.vcxproj", "{8031CCEC-4E91-4CD1-9740-A7D9F0C67171}"
EndProject
Project("{8BC9CEB8-8B4A-11D0-8D11-00A0C91BC942}") = "60", "60\60.vcxproj", "{6D8A227E-1E60-4F2E-815B-F8C3DB5F4388}"
EndProject
Project("{8BC9CEB8-8B4A-11D0-8D11-00A0C91BC942}") = "61", "61\61.vcxproj", "{A0F21FFB-A39E-4D0C-810D-22063E77758A}"
EndProject
Project("{8BC9CEB8-8B4A-11D0-8D11-00A0C91BC942}") = "62", "62\62.vcxproj", "{37741C1E-FE84-43CD-A6C2-49D0644F64ED}"
EndProject
Project("{8BC9CEB8-8B4A-11D0-8D11-00A0C91BC942}") = "63", "63\63.vcxproj", "{37BD61A7-EA0F-4F7B-881C-EAF22E7EA1A4}"
EndProject
Project("{8BC9CEB8-8B4A-11D0-8D11-00A0C91BC942}") = "64", "64\64.vcxproj", "{B658D36C-ADF9-4C0B-AC58-F628A210BE1D}"
EndProject
Project("{8BC9CEB8-8B4A-11D0-8D11-00A0C91BC942}") = "65", "65\65.vcxproj", "{7A423E63-9DC8-4B43-AA72-E9F1D97132BD}"
EndProject
Project("{8BC9CEB8-8B4A-11D0-8D11-00A0C91BC942}") = "66", "66\66.vcxproj", "{217E2315-4547-4A0E-818B-66BDCA7DC4C3}"
EndProject
Global
	GlobalSection(SolutionConfigurationPlatforms) = preSolution
		Debug|x64 = Debug|x64
		Debug|x86 = Debug|x86
		Release|x64 = Release|x64
		Release|x86 = Release|x86
	EndGlobalSection
	GlobalSection(ProjectConfigurationPlatforms) = postSolution
		{C38E5465-F650-41AA-9808-B3CA6C01A1C9}.Debug|x64.ActiveCfg = Debug|x64
		{C38E5465-F650-41AA-9808-B3CA6C01A1C9}.Debug|x64.Build.0 = Debug|x64
		{C38E5465-F650-41AA-9808-B3CA6C01A1C9}.Debug|x86.ActiveCfg = Debug|Win32
		{C38E5465-F650-41AA-9808-B3CA6C01A1C9}.Debug|x86.Build.0 = Debug|Win32
		{C38E5465-F650-41AA-9808-B3CA6C01A1C9}.Release|x64.ActiveCfg = Release|x64
		{C38E5465-F650-41AA-9808-B3CA6C01A1C9}.Release|x64.Build.0 = Release|x64
		{C38E5465-F650-41AA-9808-B3CA6C01A1C9}.Release|x86.ActiveCfg = Release|Win32
		{C38E5465-F650-41AA-9808-B3CA6C01A1C9}.Release|x86.Build.0 = Release|Win32
		{C6FAA999-8D37-4080-B31A-F772C6E9B789}.Debug|x64.ActiveCfg = Debug|x64
		{C6FAA999-8D37-4080-B31A-F772C6E9B789}.Debug|x64.Build.0 = Debug|x64
		{C6FAA999-8D37-4080-B31A-F772C6E9B789}.Debug|x86.ActiveCfg = Debug|Win32
		{C6FAA999-8D37-4080-B31A-F772C6E9B789}.Debug|x86.Build.0 = Debug|Win32
		{C6FAA999-8D37-4080-B31A-F772C6E9B789}.Release|x64.ActiveCfg = Release|x64
		{C6FAA999-8D37-4080-B31A-F772C6E9B789}.Release|x64.Build.0 = Release|x64
		{C6FAA999-8D37-4080-B31A-F772C6E9B789}.Release|x86.ActiveCfg = Release|Win32
		{C6FAA999-8D37-4080-B31A-F772C6E9B789}.Release|x86.Build.0 = Release|Win32
		{65BC4CE5-2810-40D9-86F1-0409E707B634}.Debug|x64.ActiveCfg = Debug|x64
		{65BC4CE5-2810-40D9-86F1-0409E707B634}.Debug|x64.Build.0 = Debug|x64
		{65BC4CE5-2810-40D9-86F1-0409E707B634}.Debug|x86.ActiveCfg = Debug|Win32
		{65BC4CE5-2810-40D9-86F1-0409E707B634}.Debug|x86.Build.0 = Debug|Win32
		{65BC4CE5-2810-40D9-86F1-0409E707B634}.Release|x64.ActiveCfg = Release|x64
		{65BC4CE5-2810-40D9-86F1-0409E707B634}.Release|x64.Build.0 = Release|x64
		{65BC4CE5-2810-40D9-86F1-0409E707B634}.Release|x86.ActiveCfg = Release|Win32
		{65BC4CE5-2810-40D9-86F1-0409E707B634}.Release|x86.Build.0 = Release|Win32
		{4960BE3F-1A5C-4A11-90EE-DEA0BF14FFBC}.Debug|x64.ActiveCfg = Debug|x64
		{4960BE3F-1A5C-4A11-90EE-DEA0BF14FFBC}.Debug|x64.Build.0 = Debug|x64
		{4960BE3F-1A5C-4A11-90EE-DEA0BF14FFBC}.Debug|x86.ActiveCfg = Debug|Win32
		{4960BE3F-1A5C-4A11-90EE-DEA0BF14FFBC}.Debug|x86.Build.0 = Debug|Win32
		{4960BE3F-1A5C-4A11-90EE-DEA0BF14FFBC}.Release|x64.ActiveCfg = Release|x64
		{4960BE3F-1A5C-4A11-90EE-DEA0BF14FFBC}.Release|x64.Build.0 = Release|x64
		{4960BE3F-1A5C-4A11-90EE-DEA0BF14FFBC}.Release|x86.ActiveCfg = Release|Win32
		{4960BE3F-1A5C-4A11-90EE-DEA0BF14FFBC}.Release|x86.Build.0 = Release|Win32
		{DD239CA6-B3DB-46B9-AA3A-AA22E91C4B61}.Debug|x64.ActiveCfg = Debug|x64
		{DD239CA6-B3DB-46B9-AA3A-AA22E91C4B61}.Debug|x64.Build.0 = Debug|x64
		{DD239CA6-B3DB-46B9-AA3A-AA22E91C4B61}.Debug|x86.ActiveCfg = Debug|Win32
		{DD239CA6-B3DB-46B9-AA3A-AA22E91C4B61}.Debug|x86.Build.0 = Debug|Win32
		{DD239CA6-B3DB-46B9-AA3A-AA22E91C4B61}.Release|x64.ActiveCfg = Release|x64
		{DD239CA6-B3DB-46B9-AA3A-AA22E91C4B61}.Release|x64.Build.0 = Release|x64
		{DD239CA6-B3DB-46B9-AA3A-AA22E91C4B61}.Release|x86.ActiveCfg = Release|Win32
		{DD239CA6-B3DB-46B9-AA3A-AA22E91C4B61}.Release|x86.Build.0 = Release|Win32
		{9671423B-9081-40D3-9375-9F6E5DE94090}.Debug|x64.ActiveCfg = Debug|x64
		{9671423B-9081-40D3-9375-9F6E5DE94090}.Debug|x64.Build.0 = Debug|x64
		{9671423B-9081-40D3-9375-9F6E5DE94090}.Debug|x86.ActiveCfg = Debug|Win32
		{9671423B-9081-40D3-9375-9F6E5DE94090}.Debug|x86.Build.0 = Debug|Win32
		{9671423B-9081-40D3-9375-9F6E5DE94090}.Release|x64.ActiveCfg = Release|x64
		{9671423B-9081-40D3-9375-9F6E5DE94090}.Release|x64.Build.0 = Release|x64
		{9671423B-9081-40D3-9375-9F6E5DE94090}.Release|x86.ActiveCfg = Release|Win32
		{9671423B-9081-40D3-9375-9F6E5DE94090}.Release|x86.Build.0 = Release|Win32
		{CA82B9E4-A37D-420E-91EE-5EFEEE70D982}.Debug|x64.ActiveCfg = Debug|x64
		{CA82B9E4-A37D-420E-91EE-5EFEEE70D982}.Debug|x64.Build.0 = Debug|x64
		{CA82B9E4-A37D-420E-91EE-5EFEEE70D982}.Debug|x86.ActiveCfg = Debug|Win32
		{CA82B9E4-A37D-420E-91EE-5EFEEE70D982}.Debug|x86.Build.0 = Debug|Win32
		{CA82B9E4-A37D-420E-91EE-5EFEEE70D982}.Release|x64.ActiveCfg = Release|x64
		{CA82B9E4-A37D-420E-91EE-5EFEEE70D982}.Release|x64.Build.0 = Release|x64
		{CA82B9E4-A37D-420E-91EE-5EFEEE70D982}.Release|x86.ActiveCfg = Release|Win32
		{CA82B9E4-A37D-420E-91EE-5EFEEE70D982}.Release|x86.Build.0 = Release|Win32
		{A2C259E1-459E-4C17-AD65-1B2B978FC38F}.Debug|x64.ActiveCfg = Debug|x64
		{A2C259E1-459E-4C17-AD65-1B2B978FC38F}.Debug|x64.Build.0 = Debug|x64
		{A2C259E1-459E-4C17-AD65-1B2B978FC38F}.Debug|x86.ActiveCfg = Debug|Win32
		{A2C259E1-459E-4C17-AD65-1B2B978FC38F}.Debug|x86.Build.0 = Debug|Win32
		{A2C259E1-459E-4C17-AD65-1B2B978FC38F}.Release|x64.ActiveCfg = Release|x64
		{A2C259E1-459E-4C17-AD65-1B2B978FC38F}.Release|x64.Build.0 = Release|x64
		{A2C259E1-459E-4C17-AD65-1B2B978FC38F}.Release|x86.ActiveCfg = Release|Win32
		{A2C259E1-459E-4C17-AD65-1B2B978FC38F}.Release|x86.Build.0 = Release|Win32
		{35A408E2-503B-4334-87DA-E3138BD535D2}.Debug|x64.ActiveCfg = Debug|x64
		{35A408E2-503B-4334-87DA-E3138BD535D2}.Debug|x64.Build.0 = Debug|x64
		{35A408E2-503B-4334-87DA-E3138BD535D2}.Debug|x86.ActiveCfg = Debug|Win32
		{35A408E2-503B-4334-87DA-E3138BD535D2}.Debug|x86.Build.0 = Debug|Win32
		{35A408E2-503B-4334-87DA-E3138BD535D2}.Release|x64.ActiveCfg = Release|x64
		{35A408E2-503B-4334-87DA-E3138BD535D2}.Release|x64.Build.0 = Release|x64
		{35A408E2-503B-4334-87DA-E3138BD535D2}.Release|x86.ActiveCfg = Release|Win32
		{35A408E2-503B-4334-87DA-E3138BD535D2}.Release|x86.Build.0 = Release|Win32
		{15278F25-AF44-44EF-9313-4640E0BEC408}.Debug|x64.ActiveCfg = Debug|x64
		{15278F25-AF44-44EF-9313-4640E0BEC408}.Debug|x64.Build.0 = Debug|x64
		{15278F25-AF44-44EF-9313-4640E0BEC408}.Debug|x86.ActiveCfg = Debug|Win32
		{15278F25-AF44-44EF-9313-4640E0BEC408}.Debug|x86.Build.0 = Debug|Win32
		{15278F25-AF44-44EF-9313-4640E0BEC408}.Release|x64.ActiveCfg = Release|x64
		{15278F25-AF44-44EF-9313-4640E0BEC408}.Release|x64.Build.0 = Release|x64
		{15278F25-AF44-44EF-9313-4640E0BEC408}.Release|x86.ActiveCfg = Release|Win32
		{15278F25-AF44-44EF-9313-4640E0BEC408}.Release|x86.Build.0 = Release|Win32
		{95D8DFE0-C090-45CD-8A2C-D3B69881AE02}.Debug|x64.ActiveCfg = Debug|x64
		{95D8DFE0-C090-45CD-8A2C-D3B69881AE02}.Debug|x64.Build.0 = Debug|x64
		{95D8DFE0-C090-45CD-8A2C-D3B69881AE02}.Debug|x86.ActiveCfg = Debug|Win32
		{95D8DFE0-C090-45CD-8A2C-D3B69881AE02}.Debug|x86.Build.0 = Debug|Win32
		{95D8DFE0-C090-45CD-8A2C-D3B69881AE02}.Release|x64.ActiveCfg = Release|x64
		{95D8DFE0-C090-45CD-8A2C-D3B69881AE02}.Release|x64.Build.0 = Release|x64
		{95D8DFE0-C090-45CD-8A2C-D3B69881AE02}.Release|x86.ActiveCfg = Release|Win32
		{95D8DFE0-C090-45CD-8A2C-D3B69881AE02}.Release|x86.Build.0 = Release|Win32
		{3629DB30-D8F2-4C6E-BD92-F34E91191F3F}.Debug|x64.ActiveCfg = Debug|x64
		{3629DB30-D8F2-4C6E-BD92-F34E91191F3F}.Debug|x64.Build.0 = Debug|x64
		{3629DB30-D8F2-4C6E-BD92-F34E91191F3F}.Debug|x86.ActiveCfg = Debug|Win32
		{3629DB30-D8F2-4C6E-BD92-F34E91191F3F}.Debug|x86.Build.0 = Debug|Win32
		{3629DB30-D8F2-4C6E-BD92-F34E91191F3F}.Release|x64.ActiveCfg = Release|x64
		{3629DB30-D8F2-4C6E-BD92-F34E91191F3F}.Release|x64.Build.0 = Release|x64
		{3629DB30-D8F2-4C6E-BD92-F34E91191F3F}.Release|x86.ActiveCfg = Release|Win32
		{3629DB30-D8F2-4C6E-BD92-F34E91191F3F}.Release|x86.Build.0 = Release|Win32
		{5432EF05-AF46-4BD2-B64C-F0A69936AB2A}.Debug|x64.ActiveCfg = Debug|x64
		{5432EF05-AF46-4BD2-B64C-F0A69936AB2A}.Debug|x64.Build.0 = Debug|x64
		{5432EF05-AF46-4BD2-B64C-F0A69936AB2A}.Debug|x86.ActiveCfg = Debug|Win32
		{5432EF05-AF46-4BD2-B64C-F0A69936AB2A}.Debug|x86.Build.0 = Debug|Win32
		{5432EF05-AF46-4BD2-B64C-F0A69936AB2A}.Release|x64.ActiveCfg = Release|x64
		{5432EF05-AF46-4BD2-B64C-F0A69936AB2A}.Release|x64.Build.0 = Release|x64
		{5432EF05-AF46-4BD2-B64C-F0A69936AB2A}.Release|x86.ActiveCfg = Release|Win32
		{5432EF05-AF46-4BD2-B64C-F0A69936AB2A}.Release|x86.Build.0 = Release|Win32
		{ED01641B-17D5-44B9-B0F3-7660F1AE3262}.Debug|x64.ActiveCfg = Debug|x64
		{ED01641B-17D5-44B9-B0F3-7660F1AE3262}.Debug|x64.Build.0 = Debug|x64
		{ED01641B-17D5-44B9-B0F3-7660F1AE3262}.Debug|x86.ActiveCfg = Debug|Win32
		{ED01641B-17D5-44B9-B0F3-7660F1AE3262}.Debug|x86.Build.0 = Debug|Win32
		{ED01641B-17D5-44B9-B0F3-7660F1AE3262}.Release|x64.ActiveCfg = Release|x64
		{ED01641B-17D5-44B9-B0F3-7660F1AE3262}.Release|x64.Build.0 = Release|x64
		{ED01641B-17D5-44B9-B0F3-7660F1AE3262}.Release|x86.ActiveCfg = Release|Win32
		{ED01641B-17D5-44B9-B0F3-7660F1AE3262}.Release|x86.Build.0 = Release|Win32
		{1DD3A0BD-6A4C-4461-86FD-9B6DEC38D36D}.Debug|x64.ActiveCfg = Debug|x64
		{1DD3A0BD-6A4C-4461-86FD-9B6DEC38D36D}.Debug|x64.Build.0 = Debug|x64
		{1DD3A0BD-6A4C-4461-86FD-9B6DEC38D36D}.Debug|x86.ActiveCfg = Debug|Win32
		{1DD3A0BD-6A4C-4461-86FD-9B6DEC38D36D}.Debug|x86.Build.0 = Debug|Win32
		{1DD3A0BD-6A4C-4461-86FD-9B6DEC38D36D}.Release|x64.ActiveCfg = Release|x64
		{1DD3A0BD-6A4C-4461-86FD-9B6DEC38D36D}.Release|x64.Build.0 = Release|x64
		{1DD3A0BD-6A4C-4461-86FD-9B6DEC38D36D}.Release|x86.ActiveCfg = Release|Win32
		{1DD3A0BD-6A4C-4461-86FD-9B6DEC38D36D}.Release|x86.Build.0 = Release|Win32
		{D75E4757-1FC8-4CF4-A609-B9580EEF75BB}.Debug|x64.ActiveCfg = Debug|x64
		{D75E4757-1FC8-4CF4-A609-B9580EEF75BB}.Debug|x64.Build.0 = Debug|x64
		{D75E4757-1FC8-4CF4-A609-B9580EEF75BB}.Debug|x86.ActiveCfg = Debug|Win32
		{D75E4757-1FC8-4CF4-A609-B9580EEF75BB}.Debug|x86.Build.0 = Debug|Win32
		{D75E4757-1FC8-4CF4-A609-B9580EEF75BB}.Release|x64.ActiveCfg = Release|x64
		{D75E4757-1FC8-4CF4-A609-B9580EEF75BB}.Release|x64.Build.0 = Release|x64
		{D75E4757-1FC8-4CF4-A609-B9580EEF75BB}.Release|x86.ActiveCfg = Release|Win32
		{D75E4757-1FC8-4CF4-A609-B9580EEF75BB}.Release|x86.Build.0 = Release|Win32
		{AFE45880-E8DF-432B-B7CF-94858DCC105A}.Debug|x64.ActiveCfg = Debug|x64
		{AFE45880-E8DF-432B-B7CF-94858DCC105A}.Debug|x64.Build.0 = Debug|x64
		{AFE45880-E8DF-432B-B7CF-94858DCC105A}.Debug|x86.ActiveCfg = Debug|Win32
		{AFE45880-E8DF-432B-B7CF-94858DCC105A}.Debug|x86.Build.0 = Debug|Win32
		{AFE45880-E8DF-432B-B7CF-94858DCC105A}.Release|x64.ActiveCfg = Release|x64
		{AFE45880-E8DF-432B-B7CF-94858DCC105A}.Release|x64.Build.0 = Release|x64
		{AFE45880-E8DF-432B-B7CF-94858DCC105A}.Release|x86.ActiveCfg = Release|Win32
		{AFE45880-E8DF-432B-B7CF-94858DCC105A}.Release|x86.Build.0 = Release|Win32
		{6944900A-BCB0-458C-8494-9B0F538E843C}.Debug|x64.ActiveCfg = Debug|x64
		{6944900A-BCB0-458C-8494-9B0F538E843C}.Debug|x64.Build.0 = Debug|x64
		{6944900A-BCB0-458C-8494-9B0F538E843C}.Debug|x86.ActiveCfg = Debug|Win32
		{6944900A-BCB0-458C-8494-9B0F538E843C}.Debug|x86.Build.0 = Debug|Win32
		{6944900A-BCB0-458C-8494-9B0F538E843C}.Release|x64.ActiveCfg = Release|x64
		{6944900A-BCB0-458C-8494-9B0F538E843C}.Release|x64.Build.0 = Release|x64
		{6944900A-BCB0-458C-8494-9B0F538E843C}.Release|x86.ActiveCfg = Release|Win32
		{6944900A-BCB0-458C-8494-9B0F538E843C}.Release|x86.Build.0 = Release|Win32
		{41D85CFD-9883-45C0-956E-4E92330CD5C1}.Debug|x64.ActiveCfg = Debug|x64
		{41D85CFD-9883-45C0-956E-4E92330CD5C1}.Debug|x64.Build.0 = Debug|x64
		{41D85CFD-9883-45C0-956E-4E92330CD5C1}.Debug|x86.ActiveCfg = Debug|Win32
		{41D85CFD-9883-45C0-956E-4E92330CD5C1}.Debug|x86.Build.0 = Debug|Win32
		{41D85CFD-9883-45C0-956E-4E92330CD5C1}.Release|x64.ActiveCfg = Release|x64
		{41D85CFD-9883-45C0-956E-4E92330CD5C1}.Release|x64.Build.0 = Release|x64
		{41D85CFD-9883-45C0-956E-4E92330CD5C1}.Release|x86.ActiveCfg = Release|Win32
		{41D85CFD-9883-45C0-956E-4E92330CD5C1}.Release|x86.Build.0 = Release|Win32
		{CD19DE88-2DCE-4C3E-8CB0-37BA89CBC529}.Debug|x64.ActiveCfg = Debug|x64
		{CD19DE88-2DCE-4C3E-8CB0-37BA89CBC529}.Debug|x64.Build.0 = Debug|x64
		{CD19DE88-2DCE-4C3E-8CB0-37BA89CBC529}.Debug|x86.ActiveCfg = Debug|Win32
		{CD19DE88-2DCE-4C3E-8CB0-37BA89CBC529}.Debug|x86.Build.0 = Debug|Win32
		{CD19DE88-2DCE-4C3E-8CB0-37BA89CBC529}.Release|x64.ActiveCfg = Release|x64
		{CD19DE88-2DCE-4C3E-8CB0-37BA89CBC529}.Release|x64.Build.0 = Release|x64
		{CD19DE88-2DCE-4C3E-8CB0-37BA89CBC529}.Release|x86.ActiveCfg = Release|Win32
		{CD19DE88-2DCE-4C3E-8CB0-37BA89CBC529}.Release|x86.Build.0 = Release|Win32
		{447AE20F-3440-4BB1-99B2-31CBFA395946}.Debug|x64.ActiveCfg = Debug|x64
		{447AE20F-3440-4BB1-99B2-31CBFA395946}.Debug|x64.Build.0 = Debug|x64
		{447AE20F-3440-4BB1-99B2-31CBFA395946}.Debug|x86.ActiveCfg = Debug|Win32
		{447AE20F-3440-4BB1-99B2-31CBFA395946}.Debug|x86.Build.0 = Debug|Win32
		{447AE20F-3440-4BB1-99B2-31CBFA395946}.Release|x64.ActiveCfg = Release|x64
		{447AE20F-3440-4BB1-99B2-31CBFA395946}.Release|x64.Build.0 = Release|x64
		{447AE20F-3440-4BB1-99B2-31CBFA395946}.Release|x86.ActiveCfg = Release|Win32
		{447AE20F-3440-4BB1-99B2-31CBFA395946}.Release|x86.Build.0 = Release|Win32
		{5A1A8611-4774-4B2F-82A3-1967B670CA59}.Debug|x64.ActiveCfg = Debug|x64
		{5A1A8611-4774-4B2F-82A3-1967B670CA59}.Debug|x64.Build.0 = Debug|x64
		{5A1A8611-4774-4B2F-82A3-1967B670CA59}.Debug|x86.ActiveCfg = Debug|Win32
		{5A1A8611-4774-4B2F-82A3-1967B670CA59}.Debug|x86.Build.0 = Debug|Win32
		{5A1A8611-4774-4B2F-82A3-1967B670CA59}.Release|x64.ActiveCfg = Release|x64
		{5A1A8611-4774-4B2F-82A3-1967B670CA59}.Release|x64.Build.0 = Release|x64
		{5A1A8611-4774-4B2F-82A3-1967B670CA59}.Release|x86.ActiveCfg = Release|Win32
		{5A1A8611-4774-4B2F-82A3-1967B670CA59}.Release|x86.Build.0 = Release|Win32
		{BF4D6AEE-252C-46B0-BAC1-C9D57AB348DB}.Debug|x64.ActiveCfg = Debug|x64
		{BF4D6AEE-252C-46B0-BAC1-C9D57AB348DB}.Debug|x64.Build.0 = Debug|x64
		{BF4D6AEE-252C-46B0-BAC1-C9D57AB348DB}.Debug|x86.ActiveCfg = Debug|Win32
		{BF4D6AEE-252C-46B0-BAC1-C9D57AB348DB}.Debug|x86.Build.0 = Debug|Win32
		{BF4D6AEE-252C-46B0-BAC1-C9D57AB348DB}.Release|x64.ActiveCfg = Release|x64
		{BF4D6AEE-252C-46B0-BAC1-C9D57AB348DB}.Release|x64.Build.0 = Release|x64
		{BF4D6AEE-252C-46B0-BAC1-C9D57AB348DB}.Release|x86.ActiveCfg = Release|Win32
		{BF4D6AEE-252C-46B0-BAC1-C9D57AB348DB}.Release|x86.Build.0 = Release|Win32
		{A99AD575-4BB3-4A0B-9C90-759DE2110A8A}.Debug|x64.ActiveCfg = Debug|x64
		{A99AD575-4BB3-4A0B-9C90-759DE2110A8A}.Debug|x64.Build.0 = Debug|x64
		{A99AD575-4BB3-4A0B-9C90-759DE2110A8A}.Debug|x86.ActiveCfg = Debug|Win32
		{A99AD575-4BB3-4A0B-9C90-759DE2110A8A}.Debug|x86.Build.0 = Debug|Win32
		{A99AD575-4BB3-4A0B-9C90-759DE2110A8A}.Release|x64.ActiveCfg = Release|x64
		{A99AD575-4BB3-4A0B-9C90-759DE2110A8A}.Release|x64.Build.0 = Release|x64
		{A99AD575-4BB3-4A0B-9C90-759DE2110A8A}.Release|x86.ActiveCfg = Release|Win32
		{A99AD575-4BB3-4A0B-9C90-759DE2110A8A}.Release|x86.Build.0 = Release|Win32
		{FFE5BA8E-109F-4EF4-8700-585EBB68EFDF}.Debug|x64.ActiveCfg = Debug|x64
		{FFE5BA8E-109F-4EF4-8700-585EBB68EFDF}.Debug|x64.Build.0 = Debug|x64
		{FFE5BA8E-109F-4EF4-8700-585EBB68EFDF}.Debug|x86.ActiveCfg = Debug|Win32
		{FFE5BA8E-109F-4EF4-8700-585EBB68EFDF}.Debug|x86.Build.0 = Debug|Win32
		{FFE5BA8E-109F-4EF4-8700-585EBB68EFDF}.Release|x64.ActiveCfg = Release|x64
		{FFE5BA8E-109F-4EF4-8700-585EBB68EFDF}.Release|x64.Build.0 = Release|x64
		{FFE5BA8E-109F-4EF4-8700-585EBB68EFDF}.Release|x86.ActiveCfg = Release|Win32
		{FFE5BA8E-109F-4EF4-8700-585EBB68EFDF}.Release|x86.Build.0 = Release|Win32
		{2EDF4331-1030-4A1B-8BAC-C3B48F175F49}.Debug|x64.ActiveCfg = Debug|x64
		{2EDF4331-1030-4A1B-8BAC-C3B48F175F49}.Debug|x64.Build.0 = Debug|x64
		{2EDF4331-1030-4A1B-8BAC-C3B48F175F49}.Debug|x86.ActiveCfg = Debug|Win32
		{2EDF4331-1030-4A1B-8BAC-C3B48F175F49}.Debug|x86.Build.0 = Debug|Win32
		{2EDF4331-1030-4A1B-8BAC-C3B48F175F49}.Release|x64.ActiveCfg = Release|x64
		{2EDF4331-1030-4A1B-8BAC-C3B48F175F49}.Release|x64.Build.0 = Release|x64
		{2EDF4331-1030-4A1B-8BAC-C3B48F175F49}.Release|x86.ActiveCfg = Release|Win32
		{2EDF4331-1030-4A1B-8BAC-C3B48F175F49}.Release|x86.Build.0 = Release|Win32
		{B1C43607-D3D9-429D-8D43-604D3A133609}.Debug|x64.ActiveCfg = Debug|x64
		{B1C43607-D3D9-429D-8D43-604D3A133609}.Debug|x64.Build.0 = Debug|x64
		{B1C43607-D3D9-429D-8D43-604D3A133609}.Debug|x86.ActiveCfg = Debug|Win32
		{B1C43607-D3D9-429D-8D43-604D3A133609}.Debug|x86.Build.0 = Debug|Win32
		{B1C43607-D3D9-429D-8D43-604D3A133609}.Release|x64.ActiveCfg = Release|x64
		{B1C43607-D3D9-429D-8D43-604D3A133609}.Release|x64.Build.0 = Release|x64
		{B1C43607-D3D9-429D-8D43-604D3A133609}.Release|x86.ActiveCfg = Release|Win32
		{B1C43607-D3D9-429D-8D43-604D3A133609}.Release|x86.Build.0 = Release|Win32
		{D2170C00-2139-4308-8230-7CF270BAFE05}.Debug|x64.ActiveCfg = Debug|x64
		{D2170C00-2139-4308-8230-7CF270BAFE05}.Debug|x64.Build.0 = Debug|x64
		{D2170C00-2139-4308-8230-7CF270BAFE05}.Debug|x86.ActiveCfg = Debug|Win32
		{D2170C00-2139-4308-8230-7CF270BAFE05}.Debug|x86.Build.0 = Debug|Win32
		{D2170C00-2139-4308-8230-7CF270BAFE05}.Release|x64.ActiveCfg = Release|x64
		{D2170C00-2139-4308-8230-7CF270BAFE05}.Release|x64.Build.0 = Release|x64
		{D2170C00-2139-4308-8230-7CF270BAFE05}.Release|x86.ActiveCfg = Release|Win32
		{D2170C00-2139-4308-8230-7CF270BAFE05}.Release|x86.Build.0 = Release|Win32
		{1DC53108-8133-4F4B-B09E-688D3B720C1A}.Debug|x64.ActiveCfg = Debug|x64
		{1DC53108-8133-4F4B-B09E-688D3B720C1A}.Debug|x64.Build.0 = Debug|x64
		{1DC53108-8133-4F4B-B09E-688D3B720C1A}.Debug|x86.ActiveCfg = Debug|Win32
		{1DC53108-8133-4F4B-B09E-688D3B720C1A}.Debug|x86.Build.0 = Debug|Win32
		{1DC53108-8133-4F4B-B09E-688D3B720C1A}.Release|x64.ActiveCfg = Release|x64
		{1DC53108-8133-4F4B-B09E-688D3B720C1A}.Release|x64.Build.0 = Release|x64
		{1DC53108-8133-4F4B-B09E-688D3B720C1A}.Release|x86.ActiveCfg = Release|Win32
		{1DC53108-8133-4F4B-B09E-688D3B720C1A}.Release|x86.Build.0 = Release|Win32
		{3545425B-33E5-4124-9DFA-2AB66255942E}.Debug|x64.ActiveCfg = Debug|x64
		{3545425B-33E5-4124-9DFA-2AB66255942E}.Debug|x64.Build.0 = Debug|x64
		{3545425B-33E5-4124-9DFA-2AB66255942E}.Debug|x86.ActiveCfg = Debug|Win32
		{3545425B-33E5-4124-9DFA-2AB66255942E}.Debug|x86.Build.0 = Debug|Win32
		{3545425B-33E5-4124-9DFA-2AB66255942E}.Release|x64.ActiveCfg = Release|x64
		{3545425B-33E5-4124-9DFA-2AB66255942E}.Release|x64.Build.0 = Release|x64
		{3545425B-33E5-4124-9DFA-2AB66255942E}.Release|x86.ActiveCfg = Release|Win32
		{3545425B-33E5-4124-9DFA-2AB66255942E}.Release|x86.Build.0 = Release|Win32
		{13276CCA-AF42-4B01-A309-6E3E810034B0}.Debug|x64.ActiveCfg = Debug|x64
		{13276CCA-AF42-4B01-A309-6E3E810034B0}.Debug|x64.Build.0 = Debug|x64
		{13276CCA-AF42-4B01-A309-6E3E810034B0}.Debug|x86.ActiveCfg = Debug|Win32
		{13276CCA-AF42-4B01-A309-6E3E810034B0}.Debug|x86.Build.0 = Debug|Win32
		{13276CCA-AF42-4B01-A309-6E3E810034B0}.Release|x64.ActiveCfg = Release|x64
		{13276CCA-AF42-4B01-A309-6E3E810034B0}.Release|x64.Build.0 = Release|x64
		{13276CCA-AF42-4B01-A309-6E3E810034B0}.Release|x86.ActiveCfg = Release|Win32
		{13276CCA-AF42-4B01-A309-6E3E810034B0}.Release|x86.Build.0 = Release|Win32
		{B3118060-0E3C-42A1-94AA-27E1B3AFEF88}.Debug|x64.ActiveCfg = Debug|x64
		{B3118060-0E3C-42A1-94AA-27E1B3AFEF88}.Debug|x64.Build.0 = Debug|x64
		{B3118060-0E3C-42A1-94AA-27E1B3AFEF88}.Debug|x86.ActiveCfg = Debug|Win32
		{B3118060-0E3C-42A1-94AA-27E1B3AFEF88}.Debug|x86.Build.0 = Debug|Win32
		{B3118060-0E3C-42A1-94AA-27E1B3AFEF88}.Release|x64.ActiveCfg = Release|x64
		{B3118060-0E3C-42A1-94AA-27E1B3AFEF88}.Release|x64.Build.0 = Release|x64
		{B3118060-0E3C-42A1-94AA-27E1B3AFEF88}.Release|x86.ActiveCfg = Release|Win32
		{B3118060-0E3C-42A1-94AA-27E1B3AFEF88}.Release|x86.Build.0 = Release|Win32
		{9770BD61-BDFD-4C37-B00B-133D8916A982}.Debug|x64.ActiveCfg = Debug|x64
		{9770BD61-BDFD-4C37-B00B-133D8916A982}.Debug|x64.Build.0 = Debug|x64
		{9770BD61-BDFD-4C37-B00B-133D8916A982}.Debug|x86.ActiveCfg = Debug|Win32
		{9770BD61-BDFD-4C37-B00B-133D8916A982}.Debug|x86.Build.0 = Debug|Win32
		{9770BD61-BDFD-4C37-B00B-133D8916A982}.Release|x64.ActiveCfg = Release|x64
		{9770BD61-BDFD-4C37-B00B-133D8916A982}.Release|x64.Build.0 = Release|x64
		{9770BD61-BDFD-4C37-B00B-133D8916A982}.Release|x86.ActiveCfg = Release|Win32
		{9770BD61-BDFD-4C37-B00B-133D8916A982}.Release|x86.Build.0 = Release|Win32
		{447CEFB5-4F1C-4332-82CD-AE0C524FC020}.Debug|x64.ActiveCfg = Debug|x64
		{447CEFB5-4F1C-4332-82CD-AE0C524FC020}.Debug|x64.Build.0 = Debug|x64
		{447CEFB5-4F1C-4332-82CD-AE0C524FC020}.Debug|x86.ActiveCfg = Debug|Win32
		{447CEFB5-4F1C-4332-82CD-AE0C524FC020}.Debug|x86.Build.0 = Debug|Win32
		{447CEFB5-4F1C-4332-82CD-AE0C524FC020}.Release|x64.ActiveCfg = Release|x64
		{447CEFB5-4F1C-4332-82CD-AE0C524FC020}.Release|x64.Build.0 = Release|x64
		{447CEFB5-4F1C-4332-82CD-AE0C524FC020}.Release|x86.ActiveCfg = Release|Win32
		{447CEFB5-4F1C-4332-82CD-AE0C524FC020}.Release|x86.Build.0 = Release|Win32
		{F4A88537-8C13-403D-A70A-13E1B99B0E8A}.Debug|x64.ActiveCfg = Debug|x64
		{F4A88537-8C13-403D-A70A-13E1B99B0E8A}.Debug|x64.Build.0 = Debug|x64
		{F4A88537-8C13-403D-A70A-13E1B99B0E8A}.Debug|x86.ActiveCfg = Debug|Win32
		{F4A88537-8C13-403D-A70A-13E1B99B0E8A}.Debug|x86.Build.0 = Debug|Win32
		{F4A88537-8C13-403D-A70A-13E1B99B0E8A}.Release|x64.ActiveCfg = Release|x64
		{F4A88537-8C13-403D-A70A-13E1B99B0E8A}.Release|x64.Build.0 = Release|x64
		{F4A88537-8C13-403D-A70A-13E1B99B0E8A}.Release|x86.ActiveCfg = Release|Win32
		{F4A88537-8C13-403D-A70A-13E1B99B0E8A}.Release|x86.Build.0 = Release|Win32
		{8E8C340B-FCD3-402A-B7FF-A1600029EFB5}.Debug|x64.ActiveCfg = Debug|x64
		{8E8C340B-FCD3-402A-B7FF-A1600029EFB5}.Debug|x64.Build.0 = Debug|x64
		{8E8C340B-FCD3-402A-B7FF-A1600029EFB5}.Debug|x86.ActiveCfg = Debug|Win32
		{8E8C340B-FCD3-402A-B7FF-A1600029EFB5}.Debug|x86.Build.0 = Debug|Win32
		{8E8C340B-FCD3-402A-B7FF-A1600029EFB5}.Release|x64.ActiveCfg = Release|x64
		{8E8C340B-FCD3-402A-B7FF-A1600029EFB5}.Release|x64.Build.0 = Release|x64
		{8E8C340B-FCD3-402A-B7FF-A1600029EFB5}.Release|x86.ActiveCfg = Release|Win32
		{8E8C340B-FCD3-402A-B7FF-A1600029EFB5}.Release|x86.Build.0 = Release|Win32
		{BE3416B2-C818-4854-B34B-706880149B27}.Debug|x64.ActiveCfg = Debug|x64
		{BE3416B2-C818-4854-B34B-706880149B27}.Debug|x64.Build.0 = Debug|x64
		{BE3416B2-C818-4854-B34B-706880149B27}.Debug|x86.ActiveCfg = Debug|Win32
		{BE3416B2-C818-4854-B34B-706880149B27}.Debug|x86.Build.0 = Debug|Win32
		{BE3416B2-C818-4854-B34B-706880149B27}.Release|x64.ActiveCfg = Release|x64
		{BE3416B2-C818-4854-B34B-706880149B27}.Release|x64.Build.0 = Release|x64
		{BE3416B2-C818-4854-B34B-706880149B27}.Release|x86.ActiveCfg = Release|Win32
		{BE3416B2-C818-4854-B34B-706880149B27}.Release|x86.Build.0 = Release|Win32
		{D8F690C3-1A91-4BF3-B06D-4EB7AFD2BE2D}.Debug|x64.ActiveCfg = Debug|x64
		{D8F690C3-1A91-4BF3-B06D-4EB7AFD2BE2D}.Debug|x64.Build.0 = Debug|x64
		{D8F690C3-1A91-4BF3-B06D-4EB7AFD2BE2D}.Debug|x86.ActiveCfg = Debug|Win32
		{D8F690C3-1A91-4BF3-B06D-4EB7AFD2BE2D}.Debug|x86.Build.0 = Debug|Win32
		{D8F690C3-1A91-4BF3-B06D-4EB7AFD2BE2D}.Release|x64.ActiveCfg = Release|x64
		{D8F690C3-1A91-4BF3-B06D-4EB7AFD2BE2D}.Release|x64.Build.0 = Release|x64
		{D8F690C3-1A91-4BF3-B06D-4EB7AFD2BE2D}.Release|x86.ActiveCfg = Release|Win32
		{D8F690C3-1A91-4BF3-B06D-4EB7AFD2BE2D}.Release|x86.Build.0 = Release|Win32
		{4BE8D5AE-AD1B-4019-9360-5B9310F64175}.Debug|x64.ActiveCfg = Debug|x64
		{4BE8D5AE-AD1B-4019-9360-5B9310F64175}.Debug|x64.Build.0 = Debug|x64
		{4BE8D5AE-AD1B-4019-9360-5B9310F64175}.Debug|x86.ActiveCfg = Debug|Win32
		{4BE8D5AE-AD1B-4019-9360-5B9310F64175}.Debug|x86.Build.0 = Debug|Win32
		{4BE8D5AE-AD1B-4019-9360-5B9310F64175}.Release|x64.ActiveCfg = Release|x64
		{4BE8D5AE-AD1B-4019-9360-5B9310F64175}.Release|x64.Build.0 = Release|x64
		{4BE8D5AE-AD1B-4019-9360-5B9310F64175}.Release|x86.ActiveCfg = Release|Win32
		{4BE8D5AE-AD1B-4019-9360-5B9310F64175}.Release|x86.Build.0 = Release|Win32
		{B86BABF3-CB5A-45A1-B420-FE2A0DF04D34}.Debug|x64.ActiveCfg = Debug|x64
		{B86BABF3-CB5A-45A1-B420-FE2A0DF04D34}.Debug|x64.Build.0 = Debug|x64
		{B86BABF3-CB5A-45A1-B420-FE2A0DF04D34}.Debug|x86.ActiveCfg = Debug|Win32
		{B86BABF3-CB5A-45A1-B420-FE2A0DF04D34}.Debug|x86.Build.0 = Debug|Win32
		{B86BABF3-CB5A-45A1-B420-FE2A0DF04D34}.Release|x64.ActiveCfg = Release|x64
		{B86BABF3-CB5A-45A1-B420-FE2A0DF04D34}.Release|x64.Build.0 = Release|x64
		{B86BABF3-CB5A-45A1-B420-FE2A0DF04D34}.Release|x86.ActiveCfg = Release|Win32
		{B86BABF3-CB5A-45A1-B420-FE2A0DF04D34}.Release|x86.Build.0 = Release|Win32
		{810BE9C4-E358-4E78-814F-06676710588D}.Debug|x64.ActiveCfg = Debug|x64
		{810BE9C4-E358-4E78-814F-06676710588D}.Debug|x64.Build.0 = Debug|x64
		{810BE9C4-E358-4E78-814F-06676710588D}.Debug|x86.ActiveCfg = Debug|Win32
		{810BE9C4-E358-4E78-814F-06676710588D}.Debug|x86.Build.0 = Debug|Win32
		{810BE9C4-E358-4E78-814F-06676710588D}.Release|x64.ActiveCfg = Release|x64
		{810BE9C4-E358-4E78-814F-06676710588D}.Release|x64.Build.0 = Release|x64
		{810BE9C4-E358-4E78-814F-06676710588D}.Release|x86.ActiveCfg = Release|Win32
		{810BE9C4-E358-4E78-814F-06676710588D}.Release|x86.Build.0 = Release|Win32
		{B7CA5928-684E-4ACD-94A0-B60F01DA7BC5}.Debug|x64.ActiveCfg = Debug|x64
		{B7CA5928-684E-4ACD-94A0-B60F01DA7BC5}.Debug|x64.Build.0 = Debug|x64
		{B7CA5928-684E-4ACD-94A0-B60F01DA7BC5}.Debug|x86.ActiveCfg = Debug|Win32
		{B7CA5928-684E-4ACD-94A0-B60F01DA7BC5}.Debug|x86.Build.0 = Debug|Win32
		{B7CA5928-684E-4ACD-94A0-B60F01DA7BC5}.Release|x64.ActiveCfg = Release|x64
		{B7CA5928-684E-4ACD-94A0-B60F01DA7BC5}.Release|x64.Build.0 = Release|x64
		{B7CA5928-684E-4ACD-94A0-B60F01DA7BC5}.Release|x86.ActiveCfg = Release|Win32
		{B7CA5928-684E-4ACD-94A0-B60F01DA7BC5}.Release|x86.Build.0 = Release|Win32
		{CBF48195-490F-4CDB-8EB3-A6E4DD32E3E1}.Debug|x64.ActiveCfg = Debug|x64
		{CBF48195-490F-4CDB-8EB3-A6E4DD32E3E1}.Debug|x64.Build.0 = Debug|x64
		{CBF48195-490F-4CDB-8EB3-A6E4DD32E3E1}.Debug|x86.ActiveCfg = Debug|Win32
		{CBF48195-490F-4CDB-8EB3-A6E4DD32E3E1}.Debug|x86.Build.0 = Debug|Win32
		{CBF48195-490F-4CDB-8EB3-A6E4DD32E3E1}.Release|x64.ActiveCfg = Release|x64
		{CBF48195-490F-4CDB-8EB3-A6E4DD32E3E1}.Release|x64.Build.0 = Release|x64
		{CBF48195-490F-4CDB-8EB3-A6E4DD32E3E1}.Release|x86.ActiveCfg = Release|Win32
		{CBF48195-490F-4CDB-8EB3-A6E4DD32E3E1}.Release|x86.Build.0 = Release|Win32
		{7649D9D0-F19C-42F9-9C90-E9CF5411AA51}.Debug|x64.ActiveCfg = Debug|x64
		{7649D9D0-F19C-42F9-9C90-E9CF5411AA51}.Debug|x64.Build.0 = Debug|x64
		{7649D9D0-F19C-42F9-9C90-E9CF5411AA51}.Debug|x86.ActiveCfg = Debug|Win32
		{7649D9D0-F19C-42F9-9C90-E9CF5411AA51}.Debug|x86.Build.0 = Debug|Win32
		{7649D9D0-F19C-42F9-9C90-E9CF5411AA51}.Release|x64.ActiveCfg = Release|x64
		{7649D9D0-F19C-42F9-9C90-E9CF5411AA51}.Release|x64.Build.0 = Release|x64
		{7649D9D0-F19C-42F9-9C90-E9CF5411AA51}.Release|x86.ActiveCfg = Release|Win32
		{7649D9D0-F19C-42F9-9C90-E9CF5411AA51}.Release|x86.Build.0 = Release|Win32
		{FA24B787-5CF4-4CFD-A216-94595777445B}.Debug|x64.ActiveCfg = Debug|x64
		{FA24B787-5CF4-4CFD-A216-94595777445B}.Debug|x64.Build.0 = Debug|x64
		{FA24B787-5CF4-4CFD-A216-94595777445B}.Debug|x86.ActiveCfg = Debug|Win32
		{FA24B787-5CF4-4CFD-A216-94595777445B}.Debug|x86.Build.0 = Debug|Win32
		{FA24B787-5CF4-4CFD-A216-94595777445B}.Release|x64.ActiveCfg = Release|x64
		{FA24B787-5CF4-4CFD-A216-94595777445B}.Release|x64.Build.0 = Release|x64
		{FA24B787-5CF4-4CFD-A216-94595777445B}.Release|x86.ActiveCfg = Release|Win32
		{FA24B787-5CF4-4CFD-A216-94595777445B}.Release|x86.Build.0 = Release|Win32
		{482C6D2B-FC41-485C-8991-60A90CDCBEDB}.Debug|x64.ActiveCfg = Debug|x64
		{482C6D2B-FC41-485C-8991-60A90CDCBEDB}.Debug|x64.Build.0 = Debug|x64
		{482C6D2B-FC41-485C-8991-60A90CDCBEDB}.Debug|x86.ActiveCfg = Debug|Win32
		{482C6D2B-FC41-485C-8991-60A90CDCBEDB}.Debug|x86.Build.0 = Debug|Win32
		{482C6D2B-FC41-485C-8991-60A90CDCBEDB}.Release|x64.ActiveCfg = Release|x64
		{482C6D2B-FC41-485C-8991-60A90CDCBEDB}.Release|x64.Build.0 = Release|x64
		{482C6D2B-FC41-485C-8991-60A90CDCBEDB}.Release|x86.ActiveCfg = Release|Win32
		{482C6D2B-FC41-485C-8991-60A90CDCBEDB}.Release|x86.Build.0 = Release|Win32
		{C64D5B0F-8740-4E35-95E8-5173E992BE4A}.Debug|x64.ActiveCfg = Debug|x64
		{C64D5B0F-8740-4E35-95E8-5173E992BE4A}.Debug|x64.Build.0 = Debug|x64
		{C64D5B0F-8740-4E35-95E8-5173E992BE4A}.Debug|x86.ActiveCfg = Debug|Win32
		{C64D5B0F-8740-4E35-95E8-5173E992BE4A}.Debug|x86.Build.0 = Debug|Win32
		{C64D5B0F-8740-4E35-95E8-5173E992BE4A}.Release|x64.ActiveCfg = Release|x64
		{C64D5B0F-8740-4E35-95E8-5173E992BE4A}.Release|x64.Build.0 = Release|x64
		{C64D5B0F-8740-4E35-95E8-5173E992BE4A}.Release|x86.ActiveCfg = Release|Win32
		{C64D5B0F-8740-4E35-95E8-5173E992BE4A}.Release|x86.Build.0 = Release|Win32
		{0AE63404-1950-48F4-8A03-BECBA2844D0A}.Debug|x64.ActiveCfg = Debug|x64
		{0AE63404-1950-48F4-8A03-BECBA2844D0A}.Debug|x64.Build.0 = Debug|x64
		{0AE63404-1950-48F4-8A03-BECBA2844D0A}.Debug|x86.ActiveCfg = Debug|Win32
		{0AE63404-1950-48F4-8A03-BECBA2844D0A}.Debug|x86.Build.0 = Debug|Win32
		{0AE63404-1950-48F4-8A03-BECBA2844D0A}.Release|x64.ActiveCfg = Release|x64
		{0AE63404-1950-48F4-8A03-BECBA2844D0A}.Release|x64.Build.0 = Release|x64
		{0AE63404-1950-48F4-8A03-BECBA2844D0A}.Release|x86.ActiveCfg = Release|Win32
		{0AE63404-1950-48F4-8A03-BECBA2844D0A}.Release|x86.Build.0 = Release|Win32
		{85725103-F96F-4A83-915A-9AA711CA59E8}.Debug|x64.ActiveCfg = Debug|x64
		{85725103-F96F-4A83-915A-9AA711CA59E8}.Debug|x64.Build.0 = Debug|x64
		{85725103-F96F-4A83-915A-9AA711CA59E8}.Debug|x86.ActiveCfg = Debug|Win32
		{85725103-F96F-4A83-915A-9AA711CA59E8}.Debug|x86.Build.0 = Debug|Win32
		{85725103-F96F-4A83-915A-9AA711CA59E8}.Release|x64.ActiveCfg = Release|x64
		{85725103-F96F-4A83-915A-9AA711CA59E8}.Release|x64.Build.0 = Release|x64
		{85725103-F96F-4A83-915A-9AA711CA59E8}.Release|x86.ActiveCfg = Release|Win32
		{85725103-F96F-4A83-915A-9AA711CA59E8}.Release|x86.Build.0 = Release|Win32
		{8F30EB6D-D81F-4988-AFA0-5224E76834F5}.Debug|x64.ActiveCfg = Debug|x64
		{8F30EB6D-D81F-4988-AFA0-5224E76834F5}.Debug|x64.Build.0 = Debug|x64
		{8F30EB6D-D81F-4988-AFA0-5224E76834F5}.Debug|x86.ActiveCfg = Debug|Win32
		{8F30EB6D-D81F-4988-AFA0-5224E76834F5}.Debug|x86.Build.0 = Debug|Win32
		{8F30EB6D-D81F-4988-AFA0-5224E76834F5}.Release|x64.ActiveCfg = Release|x64
		{8F30EB6D-D81F-4988-AFA0-5224E76834F5}.Release|x64.Build.0 = Release|x64
		{8F30EB6D-D81F-4988-AFA0-5224E76834F5}.Release|x86.ActiveCfg = Release|Win32
		{8F30EB6D-D81F-4988-AFA0-5224E76834F5}.Release|x86.Build.0 = Release|Win32
		{53B94A47-0B11-41F7-AD9A-D4EC14DF5011}.Debug|x64.ActiveCfg = Debug|x64
		{53B94A47-0B11-41F7-AD9A-D4EC14DF5011}.Debug|x64.Build.0 = Debug|x64
		{53B94A47-0B11-41F7-AD9A-D4EC14DF5011}.Debug|x86.ActiveCfg = Debug|Win32
		{53B94A47-0B11-41F7-AD9A-D4EC14DF5011}.Debug|x86.Build.0 = Debug|Win32
		{53B94A47-0B11-41F7-AD9A-D4EC14DF5011}.Release|x64.ActiveCfg = Release|x64
		{53B94A47-0B11-41F7-AD9A-D4EC14DF5011}.Release|x64.Build.0 = Release|x64
		{53B94A47-0B11-41F7-AD9A-D4EC14DF5011}.Release|x86.ActiveCfg = Release|Win32
		{53B94A47-0B11-41F7-AD9A-D4EC14DF5011}.Release|x86.Build.0 = Release|Win32
		{7B119E9E-260D-423E-B062-73CCC1746357}.Debug|x64.ActiveCfg = Debug|x64
		{7B119E9E-260D-423E-B062-73CCC1746357}.Debug|x64.Build.0 = Debug|x64
		{7B119E9E-260D-423E-B062-73CCC1746357}.Debug|x86.ActiveCfg = Debug|Win32
		{7B119E9E-260D-423E-B062-73CCC1746357}.Debug|x86.Build.0 = Debug|Win32
		{7B119E9E-260D-423E-B062-73CCC1746357}.Release|x64.ActiveCfg = Release|x64
		{7B119E9E-260D-423E-B062-73CCC1746357}.Release|x64.Build.0 = Release|x64
		{7B119E9E-260D-423E-B062-73CCC1746357}.Release|x86.ActiveCfg = Release|Win32
		{7B119E9E-260D-423E-B062-73CCC1746357}.Release|x86.Build.0 = Release|Win32
		{BF261C7F-1C46-4E73-91DB-57E58141B974}.Debug|x64.ActiveCfg = Debug|x64
		{BF261C7F-1C46-4E73-91DB-57E58141B974}.Debug|x64.Build.0 = Debug|x64
		{BF261C7F-1C46-4E73-91DB-57E58141B974}.Debug|x86.ActiveCfg = Debug|Win32
		{BF261C7F-1C46-4E73-91DB-57E58141B974}.Debug|x86.Build.0 = Debug|Win32
		{BF261C7F-1C46-4E73-91DB-57E58141B974}.Release|x64.ActiveCfg = Release|x64
		{BF261C7F-1C46-4E73-91DB-57E58141B974}.Release|x64.Build.0 = Release|x64
		{BF261C7F-1C46-4E73-91DB-57E58141B974}.Release|x86.ActiveCfg = Release|Win32
		{BF261C7F-1C46-4E73-91DB-57E58141B974}.Release|x86.Build.0 = Release|Win32
		{436E12F5-9FE6-466D-A842-A025FBF98A12}.Debug|x64.ActiveCfg = Debug|x64
		{436E12F5-9FE6-466D-A842-A025FBF98A12}.Debug|x64.Build.0 = Debug|x64
		{436E12F5-9FE6-466D-A842-A025FBF98A12}.Debug|x86.ActiveCfg = Debug|Win32
		{436E12F5-9FE6-466D-A842-A025FBF98A12}.Debug|x86.Build.0 = Debug|Win32
		{436E12F5-9FE6-466D-A842-A025FBF98A12}.Release|x64.ActiveCfg = Release|x64
		{436E12F5-9FE6-466D-A842-A025FBF98A12}.Release|x64.Build.0 = Release|x64
		{436E12F5-9FE6-466D-A842-A025FBF98A12}.Release|x86.ActiveCfg = Release|Win32
		{436E12F5-9FE6-466D-A842-A025FBF98A12}.Release|x86.Build.0 = Release|Win32
		{19CD7B3D-7CF7-45AD-889C-F3E1C877464C}.Debug|x64.ActiveCfg = Debug|x64
		{19CD7B3D-7CF7-45AD-889C-F3E1C877464C}.Debug|x64.Build.0 = Debug|x64
		{19CD7B3D-7CF7-45AD-889C-F3E1C877464C}.Debug|x86.ActiveCfg = Debug|Win32
		{19CD7B3D-7CF7-45AD-889C-F3E1C877464C}.Debug|x86.Build.0 = Debug|Win32
		{19CD7B3D-7CF7-45AD-889C-F3E1C877464C}.Release|x64.ActiveCfg = Release|x64
		{19CD7B3D-7CF7-45AD-889C-F3E1C877464C}.Release|x64.Build.0 = Release|x64
		{19CD7B3D-7CF7-45AD-889C-F3E1C877464C}.Release|x86.ActiveCfg = Release|Win32
		{19CD7B3D-7CF7-45AD-889C-F3E1C877464C}.Release|x86.Build.0 = Release|Win32
		{69D70905-93E5-4C18-BFE3-5B5920E29511}.Debug|x64.ActiveCfg = Debug|x64
		{69D70905-93E5-4C18-BFE3-5B5920E29511}.Debug|x64.Build.0 = Debug|x64
		{69D70905-93E5-4C18-BFE3-5B5920E29511}.Debug|x86.ActiveCfg = Debug|Win32
		{69D70905-93E5-4C18-BFE3-5B5920E29511}.Debug|x86.Build.0 = Debug|Win32
		{69D70905-93E5-4C18-BFE3-5B5920E29511}.Release|x64.ActiveCfg = Release|x64
		{69D70905-93E5-4C18-BFE3-5B5920E29511}.Release|x64.Build.0 = Release|x64
		{69D70905-93E5-4C18-BFE3-5B5920E29511}.Release|x86.ActiveCfg = Release|Win32
		{69D70905-93E5-4C18-BFE3-5B5920E29511}.Release|x86.Build.0 = Release|Win32
		{72729A18-FC5F-4C9A-B1DF-1A6836AA9CA4}.Debug|x64.ActiveCfg = Debug|x64
		{72729A18-FC5F-4C9A-B1DF-1A6836AA9CA4}.Debug|x64.Build.0 = Debug|x64
		{72729A18-FC5F-4C9A-B1DF-1A6836AA9CA4}.Debug|x86.ActiveCfg = Debug|Win32
		{72729A18-FC5F-4C9A-B1DF-1A6836AA9CA4}.Debug|x86.Build.0 = Debug|Win32
		{72729A18-FC5F-4C9A-B1DF-1A6836AA9CA4}.Release|x64.ActiveCfg = Release|x64
		{72729A18-FC5F-4C9A-B1DF-1A6836AA9CA4}.Release|x64.Build.0 = Release|x64
		{72729A18-FC5F-4C9A-B1DF-1A6836AA9CA4}.Release|x86.ActiveCfg = Release|Win32
		{72729A18-FC5F-4C9A-B1DF-1A6836AA9CA4}.Release|x86.Build.0 = Release|Win32
		{09297CE8-1BA5-42F2-9368-3F3CC8D16487}.Debug|x64.ActiveCfg = Debug|x64
		{09297CE8-1BA5-42F2-9368-3F3CC8D16487}.Debug|x64.Build.0 = Debug|x64
		{09297CE8-1BA5-42F2-9368-3F3CC8D16487}.Debug|x86.ActiveCfg = Debug|Win32
		{09297CE8-1BA5-42F2-9368-3F3CC8D16487}.Debug|x86.Build.0 = Debug|Win32
		{09297CE8-1BA5-42F2-9368-3F3CC8D16487}.Release|x64.ActiveCfg = Release|x64
		{09297CE8-1BA5-42F2-9368-3F3CC8D16487}.Release|x64.Build.0 = Release|x64
		{09297CE8-1BA5-42F2-9368-3F3CC8D16487}.Release|x86.ActiveCfg = Release|Win32
		{09297CE8-1BA5-42F2-9368-3F3CC8D16487}.Release|x86.Build.0 = Release|Win32
		{A1BED599-9211-4E30-B96E-C3AE1F1FD227}.Debug|x64.ActiveCfg = Debug|x64
		{A1BED599-9211-4E30-B96E-C3AE1F1FD227}.Debug|x64.Build.0 = Debug|x64
		{A1BED599-9211-4E30-B96E-C3AE1F1FD227}.Debug|x86.ActiveCfg = Debug|Win32
		{A1BED599-9211-4E30-B96E-C3AE1F1FD227}.Debug|x86.Build.0 = Debug|Win32
		{A1BED599-9211-4E30-B96E-C3AE1F1FD227}.Release|x64.ActiveCfg = Release|x64
		{A1BED599-9211-4E30-B96E-C3AE1F1FD227}.Release|x64.Build.0 = Release|x64
		{A1BED599-9211-4E30-B96E-C3AE1F1FD227}.Release|x86.ActiveCfg = Release|Win32
		{A1BED599-9211-4E30-B96E-C3AE1F1FD227}.Release|x86.Build.0 = Release|Win32
		{8031CCEC-4E91-4CD1-9740-A7D9F0C67171}.Debug|x64.ActiveCfg = Debug|x64
		{8031CCEC-4E91-4CD1-9740-A7D9F0C67171}.Debug|x64.Build.0 = Debug|x64
		{8031CCEC-4E91-4CD1-9740-A7D9F0C67171}.Debug|x86.ActiveCfg = Debug|Win32
		{8031CCEC-4E91-4CD1-9740-A7D9F0C67171}.Debug|x86.Build.0 = Debug|Win32
		{8031CCEC-4E91-4CD1-9740-A7D9F0C67171}.Release|x64.ActiveCfg = Release|x64
		{8031CCEC-4E91-4CD1-9740-A7D9F0C67171}.Release|x64.Build.0 = Release|x64
		{8031CCEC-4E91-4CD1-9740-A7D9F0C67171}.Release|x86.ActiveCfg = Release|Win32
		{8031CCEC-4E91-4CD1-9740-A7D9F0C67171}.Release|x86.Build.0 = Release|Win32
		{6D8A227E-1E60-4F2E-815B-F8C3DB5F4388}.Debug|x64.ActiveCfg = Debug|x64
		{6D8A227E-1E60-4F2E-815B-F8C3DB5F4388}.Debug|x64.Build.0 = Debug|x64
		{6D8A227E-1E60-4F2E-815B-F8C3DB5F4388}.Debug|x86.ActiveCfg = Debug|Win32
		{6D8A227E-1E60-4F2E-815B-F8C3DB5F4388}.Debug|x86.Build.0 = Debug|Win32
		{6D8A227E-1E60-4F2E-815B-F8C3DB5F4388}.Release|x64.ActiveCfg = Release|x64
		{6D8A227E-1E60-4F2E-815B-F8C3DB5F4388}.Release|x64.Build.0 = Release|x64
		{6D8A227E-1E60-4F2E-815B-F8C3DB5F4388}.Release|x86.ActiveCfg = Release|Win32
		{6D8A227E-1E60-4F2E-815B-F8C3DB5F4388}.Release|x86.Build.0 = Release|Win32
		{A0F21FFB-A39E-4D0C-810D-22063E77758A}.Debug|x64.ActiveCfg = Debug|x64
		{A0F21FFB-A39E-4D0C-810D-22063E77758A}.Debug|x64.Build.0 = Debug|x64
		{A0F21FFB-A39E-4D0C-810D-22063E77758A}.Debug|x86.ActiveCfg = Debug|Win32
		{A0F21FFB-A39E-4D0C-810D-22063E77758A}.Debug|x86.Build.0 = Debug|Win32
		{A0F21FFB-A39E-4D0C-810D-22063E77758A}.Release|x64.ActiveCfg = Release|x64
		{A0F21FFB-A39E-4D0C-810D-22063E77758A}.Release|x64.Build.0 = Release|x64
		{A0F21FFB-A39E-4D0C-810D-22063E77758A}.Release|x86.ActiveCfg = Release|Win32
		{A0F21FFB-A39E-4D0C-810D-22063E77758A}.Release|x86.Build.0 = Release|Win32
		{37741C1E-FE84-43CD-A6C2-49D0644F64ED}.Debug|x64.ActiveCfg = Debug|x64
		{37741C1E-FE84-43CD-A6C2-49D0644F64ED}.Debug|x64.Build.0 = Debug|x64
		{37741C1E-FE84-43CD-A6C2-49D0644F64ED}.Debug|x86.ActiveCfg = Debug|Win32
		{37741C1E-FE84-43CD-A6C2-49D0644F64ED}.Debug|x86.Build.0 = Debug|Win32
		{37741C1E-FE84-43CD-A6C2-49D0644F64ED}.Release|x64.ActiveCfg = Release|x64
		{37741C1E-FE84-43CD-A6C2-49D0644F64ED}.Release|x64.Build.0 = Release|x64
		{37741C1E-FE84-43CD-A6C2-49D0644F64ED}.Release|x86.ActiveCfg = Release|Win32
		{37741C1E-FE84-43CD-A6C2-49D0644F64ED}.Release|x86.Build.0 = Release|Win32
		{37BD61A7-EA0F-4F7B-881C-EAF22E7EA1A4}.Debug|x64.ActiveCfg = Debug|x64
		{37BD61A7-EA0F-4F7B-881C-EAF22E7EA1A4}.Debug|x64.Build.0 = Debug|x64
		{37BD61A7-EA0F-4F7B-881C-EAF22E7EA1A4}.Debug|x86.ActiveCfg = Debug|Win32
		{37BD61A7-EA0F-4F7B-881C-EAF22E7EA1A4}.Debug|x86.Build.0 = Debug|Win32
		{37BD61A7-EA0F-4F7B-881C-EAF22E7EA1A4}.Release|x64.ActiveCfg = Release|x64
		{37BD61A7-EA0F-4F7B-881C-EAF22E7EA1A4}.Release|x64.Build.0 = Release|x64
		{37BD61A7-EA0F-4F7B-881C-EAF22E7EA1A4}.Release|x86.ActiveCfg = Release|Win32
		{37BD61A7-EA0F-4F7B-881C-EAF22E7EA1A4}.Release|x86.Build.0 = Release|Win32
		{B658D36C-ADF9-4C0B-AC58-F628A210BE1D}.Debug|x64.ActiveCfg = Debug|x64
		{B658D36C-ADF9-4C0B-AC58-F628A210BE1D}.Debug|x64.Build.0 = Debug|x64
		{B658D36C-ADF9-4C0B-AC58-F628A210BE1D}.Debug|x86.ActiveCfg = Debug|Win32
		{B658D36C-ADF9-4C0B-AC58-F628A210BE1D}.Debug|x86.Build.0 = Debug|Win32
		{B658D36C-ADF9-4C0B-AC58-F628A210BE1D}.Release|x64.ActiveCfg = Release|x64
		{B658D36C-ADF9-4C0B-AC58-F628A210BE1D}.Release|x64.Build.0 = Release|x64
		{B658D36C-ADF9-4C0B-AC58-F628A210BE1D}.Release|x86.ActiveCfg = Release|Win32
		{B658D36C-ADF9-4C0B-AC58-F628A210BE1D}.Release|x86.Build.0 = Release|Win32
		{7A423E63-9DC8-4B43-AA72-E9F1D97132BD}.Debug|x64.ActiveCfg = Debug|x64
		{7A423E63-9DC8-4B43-AA72-E9F1D97132BD}.Debug|x64.Build.0 = Debug|x64
		{7A423E63-9DC8-4B43-AA72-E9F1D97132BD}.Debug|x86.ActiveCfg = Debug|Win32
		{7A423E63-9DC8-4B43-AA72-E9F1D97132BD}.Debug|x86.Build.0 = Debug|Win32
		{7A423E63-9DC8-4B43-AA72-E9F1D97132BD}.Release|x64.ActiveCfg = Release|x64
		{7A423E63-9DC8-4B43-AA72-E9F1D97132BD}.Release|x64.Build.0 = Release|x64
		{7A423E63-9DC8-4B43-AA72-E9F1D97132BD}.Release|x86.ActiveCfg = Release|Win32
		{7A423E63-9DC8-4B43-AA72-E9F1D97132BD}.Release|x86.Build.0 = Release|Win32
		{217E2315-4547-4A0E-818B-66BDCA7DC4C3}.Debug|x64.ActiveCfg = Debug|x64
		{217E2315-4547-4A0E-818B-66BDCA7DC4C3}.Debug|x64.Build.0 = Debug|x64
		{217E2315-4547-4A0E-818B-66BDCA7DC4C3}.Debug|x86.ActiveCfg = Debug|Win32
		{217E2315-4547-4A0E-818B-66BDCA7DC4C3}.Debug|x86.Build.0 = Debug|Win32
		{217E2315-4547-4A0E-818B-66BDCA7DC4C3}.Release|x64.ActiveCfg = Release|x64
		{217E2315-4547-4A0E-818B-66BDCA7DC4C3}.Release|x64.Build.0 = Release|x64
		{217E2315-4547-4A0E-818B-66BDCA7DC4C3}.Release|x86.ActiveCfg = Release|Win32
		{217E2315-4547-4A0E-818B-66BDCA7DC4C3}.Release|x86.Build.0 = Release|Win32
	EndGlobalSection
	GlobalSection(SolutionProperties) = preSolution
		HideSolutionNode = FALSE
	EndGlobalSection
	GlobalSection(ExtensibilityGlobals) = postSolution
		SolutionGuid = {7AC8825A-AA9E-4720-9674-6AAC85E94C09}
	EndGlobalSection
EndGlobal
